// !$*UTF8*$!
{
	archiveVersion = 1;
	classes = {
	};
	objectVersion = 54;
	objects = {

/* Begin PBXBuildFile section */
		00E356F31AD99517003FC87E /* SchmoffeeTests.m in Sources */ = {isa = PBXBuildFile; fileRef = 00E356F21AD99517003FC87E /* SchmoffeeTests.m */; };
		0C80B921A6F3F58F76C31292 /* libPods-Schmoffee.a in Frameworks */ = {isa = PBXBuildFile; fileRef = 5DCACB8F33CDC322A6C60F78 /* libPods-Schmoffee.a */; };
		13B07FBC1A68108700A75B9A /* AppDelegate.mm in Sources */ = {isa = PBXBuildFile; fileRef = 13B07FB01A68108700A75B9A /* AppDelegate.mm */; };
		13B07FBF1A68108700A75B9A /* Images.xcassets in Resources */ = {isa = PBXBuildFile; fileRef = 13B07FB51A68108700A75B9A /* Images.xcassets */; };
		13B07FC11A68108700A75B9A /* main.m in Sources */ = {isa = PBXBuildFile; fileRef = 13B07FB71A68108700A75B9A /* main.m */; };
		1A89795135014FB6BCA73045 /* ProximaNovaT-Thin.otf in Resources */ = {isa = PBXBuildFile; fileRef = 5A1377DBD13E423A92CB9BFD /* ProximaNovaT-Thin.otf */; };
		1C6D7C9889514179AFE27891 /* ProximaNova-Regular.otf in Resources */ = {isa = PBXBuildFile; fileRef = 6E8757BC5F824EA9912CDEF1 /* ProximaNova-Regular.otf */; };
		3619A7F6E3C34B4198C80BA1 /* ProximaNova-Bold.otf in Resources */ = {isa = PBXBuildFile; fileRef = C27BEFD1D1E1464298D05B26 /* ProximaNova-Bold.otf */; };
		41748F9278ED45258337958D /* ProximaNova-Black.otf in Resources */ = {isa = PBXBuildFile; fileRef = 57D61B6DE0D24233AF4453E3 /* ProximaNova-Black.otf */; };
		7699B88040F8A987B510C191 /* libPods-Schmoffee-SchmoffeeTests.a in Frameworks */ = {isa = PBXBuildFile; fileRef = 19F6CBCC0A4E27FBF8BF4A61 /* libPods-Schmoffee-SchmoffeeTests.a */; };
		792654CAC9B84F97836D3910 /* ProximaNova-Extrabld.otf in Resources */ = {isa = PBXBuildFile; fileRef = B89B3D29E6AF41948A6B6032 /* ProximaNova-Extrabld.otf */; };
		81AB9BB82411601600AC10FF /* LaunchScreen.storyboard in Resources */ = {isa = PBXBuildFile; fileRef = 81AB9BB72411601600AC10FF /* LaunchScreen.storyboard */; };
		EFA9D391291016C90040D3B2 /* AIRMapCalloutManager.m in Sources */ = {isa = PBXBuildFile; fileRef = EFA9D31E291016C90040D3B2 /* AIRMapCalloutManager.m */; };
		EFA9D392291016C90040D3B2 /* AIRMapCalloutManager.m in Sources */ = {isa = PBXBuildFile; fileRef = EFA9D31E291016C90040D3B2 /* AIRMapCalloutManager.m */; };
		EFA9D393291016C90040D3B2 /* AIRMapUrlTileCachedOverlay.m in Sources */ = {isa = PBXBuildFile; fileRef = EFA9D325291016C90040D3B2 /* AIRMapUrlTileCachedOverlay.m */; };
		EFA9D394291016C90040D3B2 /* AIRMapUrlTileCachedOverlay.m in Sources */ = {isa = PBXBuildFile; fileRef = EFA9D325291016C90040D3B2 /* AIRMapUrlTileCachedOverlay.m */; };
		EFA9D395291016C90040D3B2 /* AIRMapLocalTile.m in Sources */ = {isa = PBXBuildFile; fileRef = EFA9D327291016C90040D3B2 /* AIRMapLocalTile.m */; };
		EFA9D396291016C90040D3B2 /* AIRMapLocalTile.m in Sources */ = {isa = PBXBuildFile; fileRef = EFA9D327291016C90040D3B2 /* AIRMapLocalTile.m */; };
		EFA9D397291016C90040D3B2 /* AIRMapMarkerManager.m in Sources */ = {isa = PBXBuildFile; fileRef = EFA9D32A291016C90040D3B2 /* AIRMapMarkerManager.m */; };
		EFA9D398291016C90040D3B2 /* AIRMapMarkerManager.m in Sources */ = {isa = PBXBuildFile; fileRef = EFA9D32A291016C90040D3B2 /* AIRMapMarkerManager.m */; };
		EFA9D399291016C90040D3B2 /* AIRMapUrlTile.m in Sources */ = {isa = PBXBuildFile; fileRef = EFA9D32C291016C90040D3B2 /* AIRMapUrlTile.m */; };
		EFA9D39A291016C90040D3B2 /* AIRMapUrlTile.m in Sources */ = {isa = PBXBuildFile; fileRef = EFA9D32C291016C90040D3B2 /* AIRMapUrlTile.m */; };
		EFA9D39B291016C90040D3B2 /* AIRMapPolylineRenderer.m in Sources */ = {isa = PBXBuildFile; fileRef = EFA9D32D291016C90040D3B2 /* AIRMapPolylineRenderer.m */; };
		EFA9D39C291016C90040D3B2 /* AIRMapPolylineRenderer.m in Sources */ = {isa = PBXBuildFile; fileRef = EFA9D32D291016C90040D3B2 /* AIRMapPolylineRenderer.m */; };
		EFA9D39D291016C90040D3B2 /* AIRMapOverlayManager.m in Sources */ = {isa = PBXBuildFile; fileRef = EFA9D32E291016C90040D3B2 /* AIRMapOverlayManager.m */; };
		EFA9D39E291016C90040D3B2 /* AIRMapOverlayManager.m in Sources */ = {isa = PBXBuildFile; fileRef = EFA9D32E291016C90040D3B2 /* AIRMapOverlayManager.m */; };
		EFA9D39F291016C90040D3B2 /* AIRMapCoordinate.m in Sources */ = {isa = PBXBuildFile; fileRef = EFA9D331291016C90040D3B2 /* AIRMapCoordinate.m */; };
		EFA9D3A0291016C90040D3B2 /* AIRMapCoordinate.m in Sources */ = {isa = PBXBuildFile; fileRef = EFA9D331291016C90040D3B2 /* AIRMapCoordinate.m */; };
		EFA9D3A1291016C90040D3B2 /* AIRMapCalloutSubview.m in Sources */ = {isa = PBXBuildFile; fileRef = EFA9D333291016C90040D3B2 /* AIRMapCalloutSubview.m */; };
		EFA9D3A2291016C90040D3B2 /* AIRMapCalloutSubview.m in Sources */ = {isa = PBXBuildFile; fileRef = EFA9D333291016C90040D3B2 /* AIRMapCalloutSubview.m */; };
		EFA9D3A3291016C90040D3B2 /* AIRMapPolylineManager.m in Sources */ = {isa = PBXBuildFile; fileRef = EFA9D337291016C90040D3B2 /* AIRMapPolylineManager.m */; };
		EFA9D3A4291016C90040D3B2 /* AIRMapPolylineManager.m in Sources */ = {isa = PBXBuildFile; fileRef = EFA9D337291016C90040D3B2 /* AIRMapPolylineManager.m */; };
		EFA9D3A5291016C90040D3B2 /* SMCalloutView.m in Sources */ = {isa = PBXBuildFile; fileRef = EFA9D33A291016C90040D3B2 /* SMCalloutView.m */; };
		EFA9D3A6291016C90040D3B2 /* SMCalloutView.m in Sources */ = {isa = PBXBuildFile; fileRef = EFA9D33A291016C90040D3B2 /* SMCalloutView.m */; };
		EFA9D3A7291016C90040D3B2 /* AIRMapLocalTileOverlay.m in Sources */ = {isa = PBXBuildFile; fileRef = EFA9D33C291016C90040D3B2 /* AIRMapLocalTileOverlay.m */; };
		EFA9D3A8291016C90040D3B2 /* AIRMapLocalTileOverlay.m in Sources */ = {isa = PBXBuildFile; fileRef = EFA9D33C291016C90040D3B2 /* AIRMapLocalTileOverlay.m */; };
		EFA9D3A9291016C90040D3B2 /* AIRWeakTimerReference.m in Sources */ = {isa = PBXBuildFile; fileRef = EFA9D33D291016C90040D3B2 /* AIRWeakTimerReference.m */; };
		EFA9D3AA291016C90040D3B2 /* AIRWeakTimerReference.m in Sources */ = {isa = PBXBuildFile; fileRef = EFA9D33D291016C90040D3B2 /* AIRWeakTimerReference.m */; };
		EFA9D3AB291016C90040D3B2 /* AIRMapCallout.m in Sources */ = {isa = PBXBuildFile; fileRef = EFA9D33E291016C90040D3B2 /* AIRMapCallout.m */; };
		EFA9D3AC291016C90040D3B2 /* AIRMapCallout.m in Sources */ = {isa = PBXBuildFile; fileRef = EFA9D33E291016C90040D3B2 /* AIRMapCallout.m */; };
		EFA9D3AD291016C90040D3B2 /* AIRMapLocalTileManager.m in Sources */ = {isa = PBXBuildFile; fileRef = EFA9D33F291016C90040D3B2 /* AIRMapLocalTileManager.m */; };
		EFA9D3AE291016C90040D3B2 /* AIRMapLocalTileManager.m in Sources */ = {isa = PBXBuildFile; fileRef = EFA9D33F291016C90040D3B2 /* AIRMapLocalTileManager.m */; };
		EFA9D3AF291016C90040D3B2 /* AIRMapPolyline.m in Sources */ = {isa = PBXBuildFile; fileRef = EFA9D340291016C90040D3B2 /* AIRMapPolyline.m */; };
		EFA9D3B0291016C90040D3B2 /* AIRMapPolyline.m in Sources */ = {isa = PBXBuildFile; fileRef = EFA9D340291016C90040D3B2 /* AIRMapPolyline.m */; };
		EFA9D3B1291016C90040D3B2 /* AIRWeakMapReference.m in Sources */ = {isa = PBXBuildFile; fileRef = EFA9D342291016C90040D3B2 /* AIRWeakMapReference.m */; };
		EFA9D3B2291016C90040D3B2 /* AIRWeakMapReference.m in Sources */ = {isa = PBXBuildFile; fileRef = EFA9D342291016C90040D3B2 /* AIRWeakMapReference.m */; };
		EFA9D3B3291016C90040D3B2 /* AIRMapCircleManager.m in Sources */ = {isa = PBXBuildFile; fileRef = EFA9D344291016C90040D3B2 /* AIRMapCircleManager.m */; };
		EFA9D3B4291016C90040D3B2 /* AIRMapCircleManager.m in Sources */ = {isa = PBXBuildFile; fileRef = EFA9D344291016C90040D3B2 /* AIRMapCircleManager.m */; };
		EFA9D3B5291016C90040D3B2 /* AIRMapMarker.m in Sources */ = {isa = PBXBuildFile; fileRef = EFA9D345291016C90040D3B2 /* AIRMapMarker.m */; };
		EFA9D3B6291016C90040D3B2 /* AIRMapMarker.m in Sources */ = {isa = PBXBuildFile; fileRef = EFA9D345291016C90040D3B2 /* AIRMapMarker.m */; };
		EFA9D3B7291016C90040D3B2 /* AIRMapPolygonManager.m in Sources */ = {isa = PBXBuildFile; fileRef = EFA9D346291016C90040D3B2 /* AIRMapPolygonManager.m */; };
		EFA9D3B8291016C90040D3B2 /* AIRMapPolygonManager.m in Sources */ = {isa = PBXBuildFile; fileRef = EFA9D346291016C90040D3B2 /* AIRMapPolygonManager.m */; };
		EFA9D3B9291016C90040D3B2 /* AIRMapPolygon.m in Sources */ = {isa = PBXBuildFile; fileRef = EFA9D347291016C90040D3B2 /* AIRMapPolygon.m */; };
		EFA9D3BA291016C90040D3B2 /* AIRMapPolygon.m in Sources */ = {isa = PBXBuildFile; fileRef = EFA9D347291016C90040D3B2 /* AIRMapPolygon.m */; };
		EFA9D3BB291016C90040D3B2 /* AIRMap.m in Sources */ = {isa = PBXBuildFile; fileRef = EFA9D348291016C90040D3B2 /* AIRMap.m */; };
		EFA9D3BC291016C90040D3B2 /* AIRMap.m in Sources */ = {isa = PBXBuildFile; fileRef = EFA9D348291016C90040D3B2 /* AIRMap.m */; };
		EFA9D3BD291016C90040D3B2 /* AIRMapCircle.m in Sources */ = {isa = PBXBuildFile; fileRef = EFA9D34A291016C90040D3B2 /* AIRMapCircle.m */; };
		EFA9D3BE291016C90040D3B2 /* AIRMapCircle.m in Sources */ = {isa = PBXBuildFile; fileRef = EFA9D34A291016C90040D3B2 /* AIRMapCircle.m */; };
		EFA9D3BF291016C90040D3B2 /* AIRMapWMSTile.m in Sources */ = {isa = PBXBuildFile; fileRef = EFA9D34C291016C90040D3B2 /* AIRMapWMSTile.m */; };
		EFA9D3C0291016C90040D3B2 /* AIRMapWMSTile.m in Sources */ = {isa = PBXBuildFile; fileRef = EFA9D34C291016C90040D3B2 /* AIRMapWMSTile.m */; };
		EFA9D3C1291016C90040D3B2 /* AIRMapCalloutSubviewManager.m in Sources */ = {isa = PBXBuildFile; fileRef = EFA9D34F291016C90040D3B2 /* AIRMapCalloutSubviewManager.m */; };
		EFA9D3C2291016C90040D3B2 /* AIRMapCalloutSubviewManager.m in Sources */ = {isa = PBXBuildFile; fileRef = EFA9D34F291016C90040D3B2 /* AIRMapCalloutSubviewManager.m */; };
		EFA9D3C3291016C90040D3B2 /* AIRMapUrlTileManager.m in Sources */ = {isa = PBXBuildFile; fileRef = EFA9D350291016C90040D3B2 /* AIRMapUrlTileManager.m */; };
		EFA9D3C4291016C90040D3B2 /* AIRMapUrlTileManager.m in Sources */ = {isa = PBXBuildFile; fileRef = EFA9D350291016C90040D3B2 /* AIRMapUrlTileManager.m */; };
		EFA9D3C5291016C90040D3B2 /* AIRMapWMSTileManager.m in Sources */ = {isa = PBXBuildFile; fileRef = EFA9D352291016C90040D3B2 /* AIRMapWMSTileManager.m */; };
		EFA9D3C6291016C90040D3B2 /* AIRMapWMSTileManager.m in Sources */ = {isa = PBXBuildFile; fileRef = EFA9D352291016C90040D3B2 /* AIRMapWMSTileManager.m */; };
		EFA9D3C7291016C90040D3B2 /* AIRMapManager.m in Sources */ = {isa = PBXBuildFile; fileRef = EFA9D355291016C90040D3B2 /* AIRMapManager.m */; };
		EFA9D3C8291016C90040D3B2 /* AIRMapManager.m in Sources */ = {isa = PBXBuildFile; fileRef = EFA9D355291016C90040D3B2 /* AIRMapManager.m */; };
		EFA9D3C9291016C90040D3B2 /* AIRMapOverlay.m in Sources */ = {isa = PBXBuildFile; fileRef = EFA9D356291016C90040D3B2 /* AIRMapOverlay.m */; };
		EFA9D3CA291016C90040D3B2 /* AIRMapOverlay.m in Sources */ = {isa = PBXBuildFile; fileRef = EFA9D356291016C90040D3B2 /* AIRMapOverlay.m */; };
		EFA9D3CB291016C90040D3B2 /* AIRMapOverlayRenderer.m in Sources */ = {isa = PBXBuildFile; fileRef = EFA9D357291016C90040D3B2 /* AIRMapOverlayRenderer.m */; };
		EFA9D3CC291016C90040D3B2 /* AIRMapOverlayRenderer.m in Sources */ = {isa = PBXBuildFile; fileRef = EFA9D357291016C90040D3B2 /* AIRMapOverlayRenderer.m */; };
		EFA9D3CD291016C90040D3B2 /* RCTConvert+AirMap.m in Sources */ = {isa = PBXBuildFile; fileRef = EFA9D359291016C90040D3B2 /* RCTConvert+AirMap.m */; };
		EFA9D3CE291016C90040D3B2 /* RCTConvert+AirMap.m in Sources */ = {isa = PBXBuildFile; fileRef = EFA9D359291016C90040D3B2 /* RCTConvert+AirMap.m */; };
		EFA9D3CF291016C90040D3B2 /* AIRDummyView.m in Sources */ = {isa = PBXBuildFile; fileRef = EFA9D35B291016C90040D3B2 /* AIRDummyView.m */; };
		EFA9D3D0291016C90040D3B2 /* AIRDummyView.m in Sources */ = {isa = PBXBuildFile; fileRef = EFA9D35B291016C90040D3B2 /* AIRDummyView.m */; };
		EFA9D3D1291016C90040D3B2 /* AIRGoogleMapUrlTile.m in Sources */ = {isa = PBXBuildFile; fileRef = EFA9D35F291016C90040D3B2 /* AIRGoogleMapUrlTile.m */; };
		EFA9D3D2291016C90040D3B2 /* AIRGoogleMapUrlTile.m in Sources */ = {isa = PBXBuildFile; fileRef = EFA9D35F291016C90040D3B2 /* AIRGoogleMapUrlTile.m */; };
		EFA9D3D3291016C90040D3B2 /* AIRGoogleMapPolygonManager.m in Sources */ = {isa = PBXBuildFile; fileRef = EFA9D362291016C90040D3B2 /* AIRGoogleMapPolygonManager.m */; };
		EFA9D3D4291016C90040D3B2 /* AIRGoogleMapPolygonManager.m in Sources */ = {isa = PBXBuildFile; fileRef = EFA9D362291016C90040D3B2 /* AIRGoogleMapPolygonManager.m */; };
		EFA9D3D5291016C90040D3B2 /* AIRGoogleMapMarker.m in Sources */ = {isa = PBXBuildFile; fileRef = EFA9D365291016C90040D3B2 /* AIRGoogleMapMarker.m */; };
		EFA9D3D6291016C90040D3B2 /* AIRGoogleMapMarker.m in Sources */ = {isa = PBXBuildFile; fileRef = EFA9D365291016C90040D3B2 /* AIRGoogleMapMarker.m */; };
		EFA9D3D7291016C90040D3B2 /* AIRGMSPolygon.m in Sources */ = {isa = PBXBuildFile; fileRef = EFA9D369291016C90040D3B2 /* AIRGMSPolygon.m */; };
		EFA9D3D8291016C90040D3B2 /* AIRGMSPolygon.m in Sources */ = {isa = PBXBuildFile; fileRef = EFA9D369291016C90040D3B2 /* AIRGMSPolygon.m */; };
		EFA9D3D9291016C90040D3B2 /* AIRGoogleMapURLTileManager.m in Sources */ = {isa = PBXBuildFile; fileRef = EFA9D36A291016C90040D3B2 /* AIRGoogleMapURLTileManager.m */; };
		EFA9D3DA291016C90040D3B2 /* AIRGoogleMapURLTileManager.m in Sources */ = {isa = PBXBuildFile; fileRef = EFA9D36A291016C90040D3B2 /* AIRGoogleMapURLTileManager.m */; };
		EFA9D3DB291016C90040D3B2 /* AIRGoogleMapWMSTileManager.m in Sources */ = {isa = PBXBuildFile; fileRef = EFA9D36B291016C90040D3B2 /* AIRGoogleMapWMSTileManager.m */; };
		EFA9D3DC291016C90040D3B2 /* AIRGoogleMapWMSTileManager.m in Sources */ = {isa = PBXBuildFile; fileRef = EFA9D36B291016C90040D3B2 /* AIRGoogleMapWMSTileManager.m */; };
		EFA9D3DD291016C90040D3B2 /* AIRGoogleMapCircle.m in Sources */ = {isa = PBXBuildFile; fileRef = EFA9D36C291016C90040D3B2 /* AIRGoogleMapCircle.m */; };
		EFA9D3DE291016C90040D3B2 /* AIRGoogleMapCircle.m in Sources */ = {isa = PBXBuildFile; fileRef = EFA9D36C291016C90040D3B2 /* AIRGoogleMapCircle.m */; };
		EFA9D3DF291016C90040D3B2 /* AIRGoogleMapCircleManager.m in Sources */ = {isa = PBXBuildFile; fileRef = EFA9D374291016C90040D3B2 /* AIRGoogleMapCircleManager.m */; };
		EFA9D3E0291016C90040D3B2 /* AIRGoogleMapCircleManager.m in Sources */ = {isa = PBXBuildFile; fileRef = EFA9D374291016C90040D3B2 /* AIRGoogleMapCircleManager.m */; };
		EFA9D3E1291016C90040D3B2 /* AIRGoogleMapCalloutManager.m in Sources */ = {isa = PBXBuildFile; fileRef = EFA9D376291016C90040D3B2 /* AIRGoogleMapCalloutManager.m */; };
		EFA9D3E2291016C90040D3B2 /* AIRGoogleMapCalloutManager.m in Sources */ = {isa = PBXBuildFile; fileRef = EFA9D376291016C90040D3B2 /* AIRGoogleMapCalloutManager.m */; };
		EFA9D3E3291016C90040D3B2 /* AIRGoogleMapMarkerManager.m in Sources */ = {isa = PBXBuildFile; fileRef = EFA9D377291016C90040D3B2 /* AIRGoogleMapMarkerManager.m */; };
		EFA9D3E4291016C90040D3B2 /* AIRGoogleMapMarkerManager.m in Sources */ = {isa = PBXBuildFile; fileRef = EFA9D377291016C90040D3B2 /* AIRGoogleMapMarkerManager.m */; };
		EFA9D3E5291016C90040D3B2 /* AIRGoogleMapPolyline.m in Sources */ = {isa = PBXBuildFile; fileRef = EFA9D379291016C90040D3B2 /* AIRGoogleMapPolyline.m */; };
		EFA9D3E6291016C90040D3B2 /* AIRGoogleMapPolyline.m in Sources */ = {isa = PBXBuildFile; fileRef = EFA9D379291016C90040D3B2 /* AIRGoogleMapPolyline.m */; };
		EFA9D3E7291016C90040D3B2 /* AIRGoogleMapHeatmapManager.m in Sources */ = {isa = PBXBuildFile; fileRef = EFA9D37A291016C90040D3B2 /* AIRGoogleMapHeatmapManager.m */; };
		EFA9D3E8291016C90040D3B2 /* AIRGoogleMapHeatmapManager.m in Sources */ = {isa = PBXBuildFile; fileRef = EFA9D37A291016C90040D3B2 /* AIRGoogleMapHeatmapManager.m */; };
		EFA9D3E9291016C90040D3B2 /* AIRGoogleMapWMSTile.m in Sources */ = {isa = PBXBuildFile; fileRef = EFA9D37B291016C90040D3B2 /* AIRGoogleMapWMSTile.m */; };
		EFA9D3EA291016C90040D3B2 /* AIRGoogleMapWMSTile.m in Sources */ = {isa = PBXBuildFile; fileRef = EFA9D37B291016C90040D3B2 /* AIRGoogleMapWMSTile.m */; };
		EFA9D3EB291016C90040D3B2 /* AIRGoogleMapOverlay.m in Sources */ = {isa = PBXBuildFile; fileRef = EFA9D37E291016C90040D3B2 /* AIRGoogleMapOverlay.m */; };
		EFA9D3EC291016C90040D3B2 /* AIRGoogleMapOverlay.m in Sources */ = {isa = PBXBuildFile; fileRef = EFA9D37E291016C90040D3B2 /* AIRGoogleMapOverlay.m */; };
		EFA9D3ED291016C90040D3B2 /* AIRGMSPolyline.m in Sources */ = {isa = PBXBuildFile; fileRef = EFA9D37F291016C90040D3B2 /* AIRGMSPolyline.m */; };
		EFA9D3EE291016C90040D3B2 /* AIRGMSPolyline.m in Sources */ = {isa = PBXBuildFile; fileRef = EFA9D37F291016C90040D3B2 /* AIRGMSPolyline.m */; };
		EFA9D3EF291016C90040D3B2 /* AIRGoogleMapPolylineManager.m in Sources */ = {isa = PBXBuildFile; fileRef = EFA9D380291016C90040D3B2 /* AIRGoogleMapPolylineManager.m */; };
		EFA9D3F0291016C90040D3B2 /* AIRGoogleMapPolylineManager.m in Sources */ = {isa = PBXBuildFile; fileRef = EFA9D380291016C90040D3B2 /* AIRGoogleMapPolylineManager.m */; };
		EFA9D3F1291016C90040D3B2 /* AIRGoogleMapManager.m in Sources */ = {isa = PBXBuildFile; fileRef = EFA9D381291016C90040D3B2 /* AIRGoogleMapManager.m */; };
		EFA9D3F2291016C90040D3B2 /* AIRGoogleMapManager.m in Sources */ = {isa = PBXBuildFile; fileRef = EFA9D381291016C90040D3B2 /* AIRGoogleMapManager.m */; };
		EFA9D3F3291016C90040D3B2 /* RCTConvert+GMSMapViewType.m in Sources */ = {isa = PBXBuildFile; fileRef = EFA9D384291016C90040D3B2 /* RCTConvert+GMSMapViewType.m */; };
		EFA9D3F4291016C90040D3B2 /* RCTConvert+GMSMapViewType.m in Sources */ = {isa = PBXBuildFile; fileRef = EFA9D384291016C90040D3B2 /* RCTConvert+GMSMapViewType.m */; };
		EFA9D3F5291016C90040D3B2 /* AIRGoogleMapCalloutSubviewManager.m in Sources */ = {isa = PBXBuildFile; fileRef = EFA9D385291016C90040D3B2 /* AIRGoogleMapCalloutSubviewManager.m */; };
		EFA9D3F6291016C90040D3B2 /* AIRGoogleMapCalloutSubviewManager.m in Sources */ = {isa = PBXBuildFile; fileRef = EFA9D385291016C90040D3B2 /* AIRGoogleMapCalloutSubviewManager.m */; };
		EFA9D3F7291016C90040D3B2 /* AIRGoogleMapCallout.m in Sources */ = {isa = PBXBuildFile; fileRef = EFA9D386291016C90040D3B2 /* AIRGoogleMapCallout.m */; };
		EFA9D3F8291016C90040D3B2 /* AIRGoogleMapCallout.m in Sources */ = {isa = PBXBuildFile; fileRef = EFA9D386291016C90040D3B2 /* AIRGoogleMapCallout.m */; };
		EFA9D3F9291016C90040D3B2 /* AIRGoogleMapOverlayManager.m in Sources */ = {isa = PBXBuildFile; fileRef = EFA9D387291016C90040D3B2 /* AIRGoogleMapOverlayManager.m */; };
		EFA9D3FA291016C90040D3B2 /* AIRGoogleMapOverlayManager.m in Sources */ = {isa = PBXBuildFile; fileRef = EFA9D387291016C90040D3B2 /* AIRGoogleMapOverlayManager.m */; };
		EFA9D3FB291016C90040D3B2 /* AIRGoogleMapHeatmap.m in Sources */ = {isa = PBXBuildFile; fileRef = EFA9D388291016C90040D3B2 /* AIRGoogleMapHeatmap.m */; };
		EFA9D3FC291016C90040D3B2 /* AIRGoogleMapHeatmap.m in Sources */ = {isa = PBXBuildFile; fileRef = EFA9D388291016C90040D3B2 /* AIRGoogleMapHeatmap.m */; };
		EFA9D3FD291016C90040D3B2 /* AIRGoogleMap.m in Sources */ = {isa = PBXBuildFile; fileRef = EFA9D389291016C90040D3B2 /* AIRGoogleMap.m */; };
		EFA9D3FE291016C90040D3B2 /* AIRGoogleMap.m in Sources */ = {isa = PBXBuildFile; fileRef = EFA9D389291016C90040D3B2 /* AIRGoogleMap.m */; };
		EFA9D3FF291016C90040D3B2 /* AIRGoogleMapPolygon.m in Sources */ = {isa = PBXBuildFile; fileRef = EFA9D38E291016C90040D3B2 /* AIRGoogleMapPolygon.m */; };
		EFA9D400291016C90040D3B2 /* AIRGoogleMapPolygon.m in Sources */ = {isa = PBXBuildFile; fileRef = EFA9D38E291016C90040D3B2 /* AIRGoogleMapPolygon.m */; };
		EFA9D401291016C90040D3B2 /* AIRGMSMarker.m in Sources */ = {isa = PBXBuildFile; fileRef = EFA9D38F291016C90040D3B2 /* AIRGMSMarker.m */; };
		EFA9D402291016C90040D3B2 /* AIRGMSMarker.m in Sources */ = {isa = PBXBuildFile; fileRef = EFA9D38F291016C90040D3B2 /* AIRGMSMarker.m */; };
		EFA9D403291016C90040D3B2 /* AIRGoogleMapCalloutSubview.m in Sources */ = {isa = PBXBuildFile; fileRef = EFA9D390291016C90040D3B2 /* AIRGoogleMapCalloutSubview.m */; };
		EFA9D404291016C90040D3B2 /* AIRGoogleMapCalloutSubview.m in Sources */ = {isa = PBXBuildFile; fileRef = EFA9D390291016C90040D3B2 /* AIRGoogleMapCalloutSubview.m */; };
/* End PBXBuildFile section */

/* Begin PBXContainerItemProxy section */
		00E356F41AD99517003FC87E /* PBXContainerItemProxy */ = {
			isa = PBXContainerItemProxy;
			containerPortal = 83CBB9F71A601CBA00E9B192 /* Project object */;
			proxyType = 1;
			remoteGlobalIDString = 13B07F861A680F5B00A75B9A;
			remoteInfo = Schmoffee;
		};
/* End PBXContainerItemProxy section */

/* Begin PBXFileReference section */
		00E356EE1AD99517003FC87E /* SchmoffeeTests.xctest */ = {isa = PBXFileReference; explicitFileType = wrapper.cfbundle; includeInIndex = 0; path = SchmoffeeTests.xctest; sourceTree = BUILT_PRODUCTS_DIR; };
		00E356F11AD99517003FC87E /* Info.plist */ = {isa = PBXFileReference; lastKnownFileType = text.plist.xml; path = Info.plist; sourceTree = "<group>"; };
		00E356F21AD99517003FC87E /* SchmoffeeTests.m */ = {isa = PBXFileReference; lastKnownFileType = sourcecode.c.objc; path = SchmoffeeTests.m; sourceTree = "<group>"; };
		13B07F961A680F5B00A75B9A /* Schmoffee.app */ = {isa = PBXFileReference; explicitFileType = wrapper.application; includeInIndex = 0; path = Schmoffee.app; sourceTree = BUILT_PRODUCTS_DIR; };
		13B07FAF1A68108700A75B9A /* AppDelegate.h */ = {isa = PBXFileReference; fileEncoding = 4; lastKnownFileType = sourcecode.c.h; name = AppDelegate.h; path = Schmoffee/AppDelegate.h; sourceTree = "<group>"; };
		13B07FB01A68108700A75B9A /* AppDelegate.mm */ = {isa = PBXFileReference; fileEncoding = 4; lastKnownFileType = sourcecode.cpp.objcpp; name = AppDelegate.mm; path = Schmoffee/AppDelegate.mm; sourceTree = "<group>"; };
		13B07FB51A68108700A75B9A /* Images.xcassets */ = {isa = PBXFileReference; lastKnownFileType = folder.assetcatalog; name = Images.xcassets; path = Schmoffee/Images.xcassets; sourceTree = "<group>"; };
		13B07FB61A68108700A75B9A /* Info.plist */ = {isa = PBXFileReference; fileEncoding = 4; lastKnownFileType = text.plist.xml; name = Info.plist; path = Schmoffee/Info.plist; sourceTree = "<group>"; };
		13B07FB71A68108700A75B9A /* main.m */ = {isa = PBXFileReference; fileEncoding = 4; lastKnownFileType = sourcecode.c.objc; name = main.m; path = Schmoffee/main.m; sourceTree = "<group>"; };
		19F6CBCC0A4E27FBF8BF4A61 /* libPods-Schmoffee-SchmoffeeTests.a */ = {isa = PBXFileReference; explicitFileType = archive.ar; includeInIndex = 0; path = "libPods-Schmoffee-SchmoffeeTests.a"; sourceTree = BUILT_PRODUCTS_DIR; };
		3B4392A12AC88292D35C810B /* Pods-Schmoffee.debug.xcconfig */ = {isa = PBXFileReference; includeInIndex = 1; lastKnownFileType = text.xcconfig; name = "Pods-Schmoffee.debug.xcconfig"; path = "Target Support Files/Pods-Schmoffee/Pods-Schmoffee.debug.xcconfig"; sourceTree = "<group>"; };
		5709B34CF0A7D63546082F79 /* Pods-Schmoffee.release.xcconfig */ = {isa = PBXFileReference; includeInIndex = 1; lastKnownFileType = text.xcconfig; name = "Pods-Schmoffee.release.xcconfig"; path = "Target Support Files/Pods-Schmoffee/Pods-Schmoffee.release.xcconfig"; sourceTree = "<group>"; };
		57D61B6DE0D24233AF4453E3 /* ProximaNova-Black.otf */ = {isa = PBXFileReference; explicitFileType = undefined; fileEncoding = 9; includeInIndex = 0; lastKnownFileType = unknown; name = "ProximaNova-Black.otf"; path = "../src/assets/fonts/ProximaNova-Black.otf"; sourceTree = "<group>"; };
		5A1377DBD13E423A92CB9BFD /* ProximaNovaT-Thin.otf */ = {isa = PBXFileReference; explicitFileType = undefined; fileEncoding = 9; includeInIndex = 0; lastKnownFileType = unknown; name = "ProximaNovaT-Thin.otf"; path = "../src/assets/fonts/ProximaNovaT-Thin.otf"; sourceTree = "<group>"; };
		5B7EB9410499542E8C5724F5 /* Pods-Schmoffee-SchmoffeeTests.debug.xcconfig */ = {isa = PBXFileReference; includeInIndex = 1; lastKnownFileType = text.xcconfig; name = "Pods-Schmoffee-SchmoffeeTests.debug.xcconfig"; path = "Target Support Files/Pods-Schmoffee-SchmoffeeTests/Pods-Schmoffee-SchmoffeeTests.debug.xcconfig"; sourceTree = "<group>"; };
		5DCACB8F33CDC322A6C60F78 /* libPods-Schmoffee.a */ = {isa = PBXFileReference; explicitFileType = archive.ar; includeInIndex = 0; path = "libPods-Schmoffee.a"; sourceTree = BUILT_PRODUCTS_DIR; };
		6E8757BC5F824EA9912CDEF1 /* ProximaNova-Regular.otf */ = {isa = PBXFileReference; explicitFileType = undefined; fileEncoding = 9; includeInIndex = 0; lastKnownFileType = unknown; name = "ProximaNova-Regular.otf"; path = "../src/assets/fonts/ProximaNova-Regular.otf"; sourceTree = "<group>"; };
		81AB9BB72411601600AC10FF /* LaunchScreen.storyboard */ = {isa = PBXFileReference; fileEncoding = 4; lastKnownFileType = file.storyboard; name = LaunchScreen.storyboard; path = Schmoffee/LaunchScreen.storyboard; sourceTree = "<group>"; };
		89C6BE57DB24E9ADA2F236DE /* Pods-Schmoffee-SchmoffeeTests.release.xcconfig */ = {isa = PBXFileReference; includeInIndex = 1; lastKnownFileType = text.xcconfig; name = "Pods-Schmoffee-SchmoffeeTests.release.xcconfig"; path = "Target Support Files/Pods-Schmoffee-SchmoffeeTests/Pods-Schmoffee-SchmoffeeTests.release.xcconfig"; sourceTree = "<group>"; };
		B89B3D29E6AF41948A6B6032 /* ProximaNova-Extrabld.otf */ = {isa = PBXFileReference; explicitFileType = undefined; fileEncoding = 9; includeInIndex = 0; lastKnownFileType = unknown; name = "ProximaNova-Extrabld.otf"; path = "../src/assets/fonts/ProximaNova-Extrabld.otf"; sourceTree = "<group>"; };
		C27BEFD1D1E1464298D05B26 /* ProximaNova-Bold.otf */ = {isa = PBXFileReference; explicitFileType = undefined; fileEncoding = 9; includeInIndex = 0; lastKnownFileType = unknown; name = "ProximaNova-Bold.otf"; path = "../src/assets/fonts/ProximaNova-Bold.otf"; sourceTree = "<group>"; };
		ED297162215061F000B7C4FE /* JavaScriptCore.framework */ = {isa = PBXFileReference; lastKnownFileType = wrapper.framework; name = JavaScriptCore.framework; path = System/Library/Frameworks/JavaScriptCore.framework; sourceTree = SDKROOT; };
		EF59AB13290BF1EA00C85794 /* Schmoffee.entitlements */ = {isa = PBXFileReference; lastKnownFileType = text.plist.entitlements; name = Schmoffee.entitlements; path = Schmoffee/Schmoffee.entitlements; sourceTree = "<group>"; };
		EFA9D31A291016C90040D3B2 /* AIRMapLocalTileManager.h */ = {isa = PBXFileReference; fileEncoding = 4; lastKnownFileType = sourcecode.c.h; path = AIRMapLocalTileManager.h; sourceTree = "<group>"; };
		EFA9D31B291016C90040D3B2 /* AIRMapCallout.h */ = {isa = PBXFileReference; fileEncoding = 4; lastKnownFileType = sourcecode.c.h; path = AIRMapCallout.h; sourceTree = "<group>"; };
		EFA9D31C291016C90040D3B2 /* AIRWeakTimerReference.h */ = {isa = PBXFileReference; fileEncoding = 4; lastKnownFileType = sourcecode.c.h; path = AIRWeakTimerReference.h; sourceTree = "<group>"; };
		EFA9D31D291016C90040D3B2 /* AIRMapLocalTileOverlay.h */ = {isa = PBXFileReference; fileEncoding = 4; lastKnownFileType = sourcecode.c.h; path = AIRMapLocalTileOverlay.h; sourceTree = "<group>"; };
		EFA9D31E291016C90040D3B2 /* AIRMapCalloutManager.m */ = {isa = PBXFileReference; fileEncoding = 4; lastKnownFileType = sourcecode.c.objc; path = AIRMapCalloutManager.m; sourceTree = "<group>"; };
		EFA9D31F291016C90040D3B2 /* AIRMap.h */ = {isa = PBXFileReference; fileEncoding = 4; lastKnownFileType = sourcecode.c.h; path = AIRMap.h; sourceTree = "<group>"; };
		EFA9D320291016C90040D3B2 /* AIRMapPolygon.h */ = {isa = PBXFileReference; fileEncoding = 4; lastKnownFileType = sourcecode.c.h; path = AIRMapPolygon.h; sourceTree = "<group>"; };
		EFA9D321291016C90040D3B2 /* AIRMapPolygonManager.h */ = {isa = PBXFileReference; fileEncoding = 4; lastKnownFileType = sourcecode.c.h; path = AIRMapPolygonManager.h; sourceTree = "<group>"; };
		EFA9D322291016C90040D3B2 /* AIRMapMarker.h */ = {isa = PBXFileReference; fileEncoding = 4; lastKnownFileType = sourcecode.c.h; path = AIRMapMarker.h; sourceTree = "<group>"; };
		EFA9D323291016C90040D3B2 /* AIRMapCircleManager.h */ = {isa = PBXFileReference; fileEncoding = 4; lastKnownFileType = sourcecode.c.h; path = AIRMapCircleManager.h; sourceTree = "<group>"; };
		EFA9D324291016C90040D3B2 /* AIRWeakMapReference.h */ = {isa = PBXFileReference; fileEncoding = 4; lastKnownFileType = sourcecode.c.h; path = AIRWeakMapReference.h; sourceTree = "<group>"; };
		EFA9D325291016C90040D3B2 /* AIRMapUrlTileCachedOverlay.m */ = {isa = PBXFileReference; fileEncoding = 4; lastKnownFileType = sourcecode.c.objc; path = AIRMapUrlTileCachedOverlay.m; sourceTree = "<group>"; };
		EFA9D326291016C90040D3B2 /* AIRMapPolyline.h */ = {isa = PBXFileReference; fileEncoding = 4; lastKnownFileType = sourcecode.c.h; path = AIRMapPolyline.h; sourceTree = "<group>"; };
		EFA9D327291016C90040D3B2 /* AIRMapLocalTile.m */ = {isa = PBXFileReference; fileEncoding = 4; lastKnownFileType = sourcecode.c.objc; path = AIRMapLocalTile.m; sourceTree = "<group>"; };
		EFA9D328291016C90040D3B2 /* AIRMapWMSTileManager.h */ = {isa = PBXFileReference; fileEncoding = 4; lastKnownFileType = sourcecode.c.h; path = AIRMapWMSTileManager.h; sourceTree = "<group>"; };
		EFA9D329291016C90040D3B2 /* AIRMapUrlTileManager.h */ = {isa = PBXFileReference; fileEncoding = 4; lastKnownFileType = sourcecode.c.h; path = AIRMapUrlTileManager.h; sourceTree = "<group>"; };
		EFA9D32A291016C90040D3B2 /* AIRMapMarkerManager.m */ = {isa = PBXFileReference; fileEncoding = 4; lastKnownFileType = sourcecode.c.objc; path = AIRMapMarkerManager.m; sourceTree = "<group>"; };
		EFA9D32B291016C90040D3B2 /* AIRMapCalloutSubviewManager.h */ = {isa = PBXFileReference; fileEncoding = 4; lastKnownFileType = sourcecode.c.h; path = AIRMapCalloutSubviewManager.h; sourceTree = "<group>"; };
		EFA9D32C291016C90040D3B2 /* AIRMapUrlTile.m */ = {isa = PBXFileReference; fileEncoding = 4; lastKnownFileType = sourcecode.c.objc; path = AIRMapUrlTile.m; sourceTree = "<group>"; };
		EFA9D32D291016C90040D3B2 /* AIRMapPolylineRenderer.m */ = {isa = PBXFileReference; fileEncoding = 4; lastKnownFileType = sourcecode.c.objc; path = AIRMapPolylineRenderer.m; sourceTree = "<group>"; };
		EFA9D32E291016C90040D3B2 /* AIRMapOverlayManager.m */ = {isa = PBXFileReference; fileEncoding = 4; lastKnownFileType = sourcecode.c.objc; path = AIRMapOverlayManager.m; sourceTree = "<group>"; };
		EFA9D32F291016C90040D3B2 /* AIRMapWMSTile.h */ = {isa = PBXFileReference; fileEncoding = 4; lastKnownFileType = sourcecode.c.h; path = AIRMapWMSTile.h; sourceTree = "<group>"; };
		EFA9D330291016C90040D3B2 /* AIRMapCircle.h */ = {isa = PBXFileReference; fileEncoding = 4; lastKnownFileType = sourcecode.c.h; path = AIRMapCircle.h; sourceTree = "<group>"; };
		EFA9D331291016C90040D3B2 /* AIRMapCoordinate.m */ = {isa = PBXFileReference; fileEncoding = 4; lastKnownFileType = sourcecode.c.objc; path = AIRMapCoordinate.m; sourceTree = "<group>"; };
		EFA9D332291016C90040D3B2 /* RCTConvert+AirMap.h */ = {isa = PBXFileReference; fileEncoding = 4; lastKnownFileType = sourcecode.c.h; path = "RCTConvert+AirMap.h"; sourceTree = "<group>"; };
		EFA9D333291016C90040D3B2 /* AIRMapCalloutSubview.m */ = {isa = PBXFileReference; fileEncoding = 4; lastKnownFileType = sourcecode.c.objc; path = AIRMapCalloutSubview.m; sourceTree = "<group>"; };
		EFA9D334291016C90040D3B2 /* AIRMapOverlay.h */ = {isa = PBXFileReference; fileEncoding = 4; lastKnownFileType = sourcecode.c.h; path = AIRMapOverlay.h; sourceTree = "<group>"; };
		EFA9D335291016C90040D3B2 /* AIRMapOverlayRenderer.h */ = {isa = PBXFileReference; fileEncoding = 4; lastKnownFileType = sourcecode.c.h; path = AIRMapOverlayRenderer.h; sourceTree = "<group>"; };
		EFA9D336291016C90040D3B2 /* AIRMapManager.h */ = {isa = PBXFileReference; fileEncoding = 4; lastKnownFileType = sourcecode.c.h; path = AIRMapManager.h; sourceTree = "<group>"; };
		EFA9D337291016C90040D3B2 /* AIRMapPolylineManager.m */ = {isa = PBXFileReference; fileEncoding = 4; lastKnownFileType = sourcecode.c.objc; path = AIRMapPolylineManager.m; sourceTree = "<group>"; };
		EFA9D338291016C90040D3B2 /* AIRMapCalloutManager.h */ = {isa = PBXFileReference; fileEncoding = 4; lastKnownFileType = sourcecode.c.h; path = AIRMapCalloutManager.h; sourceTree = "<group>"; };
		EFA9D33A291016C90040D3B2 /* SMCalloutView.m */ = {isa = PBXFileReference; fileEncoding = 4; lastKnownFileType = sourcecode.c.objc; path = SMCalloutView.m; sourceTree = "<group>"; };
		EFA9D33B291016C90040D3B2 /* SMCalloutView.h */ = {isa = PBXFileReference; fileEncoding = 4; lastKnownFileType = sourcecode.c.h; path = SMCalloutView.h; sourceTree = "<group>"; };
		EFA9D33C291016C90040D3B2 /* AIRMapLocalTileOverlay.m */ = {isa = PBXFileReference; fileEncoding = 4; lastKnownFileType = sourcecode.c.objc; path = AIRMapLocalTileOverlay.m; sourceTree = "<group>"; };
		EFA9D33D291016C90040D3B2 /* AIRWeakTimerReference.m */ = {isa = PBXFileReference; fileEncoding = 4; lastKnownFileType = sourcecode.c.objc; path = AIRWeakTimerReference.m; sourceTree = "<group>"; };
		EFA9D33E291016C90040D3B2 /* AIRMapCallout.m */ = {isa = PBXFileReference; fileEncoding = 4; lastKnownFileType = sourcecode.c.objc; path = AIRMapCallout.m; sourceTree = "<group>"; };
		EFA9D33F291016C90040D3B2 /* AIRMapLocalTileManager.m */ = {isa = PBXFileReference; fileEncoding = 4; lastKnownFileType = sourcecode.c.objc; path = AIRMapLocalTileManager.m; sourceTree = "<group>"; };
		EFA9D340291016C90040D3B2 /* AIRMapPolyline.m */ = {isa = PBXFileReference; fileEncoding = 4; lastKnownFileType = sourcecode.c.objc; path = AIRMapPolyline.m; sourceTree = "<group>"; };
		EFA9D341291016C90040D3B2 /* AIRMapSnapshot.h */ = {isa = PBXFileReference; fileEncoding = 4; lastKnownFileType = sourcecode.c.h; path = AIRMapSnapshot.h; sourceTree = "<group>"; };
		EFA9D342291016C90040D3B2 /* AIRWeakMapReference.m */ = {isa = PBXFileReference; fileEncoding = 4; lastKnownFileType = sourcecode.c.objc; path = AIRWeakMapReference.m; sourceTree = "<group>"; };
		EFA9D343291016C90040D3B2 /* AIRMapUrlTileCachedOverlay.h */ = {isa = PBXFileReference; fileEncoding = 4; lastKnownFileType = sourcecode.c.h; path = AIRMapUrlTileCachedOverlay.h; sourceTree = "<group>"; };
		EFA9D344291016C90040D3B2 /* AIRMapCircleManager.m */ = {isa = PBXFileReference; fileEncoding = 4; lastKnownFileType = sourcecode.c.objc; path = AIRMapCircleManager.m; sourceTree = "<group>"; };
		EFA9D345291016C90040D3B2 /* AIRMapMarker.m */ = {isa = PBXFileReference; fileEncoding = 4; lastKnownFileType = sourcecode.c.objc; path = AIRMapMarker.m; sourceTree = "<group>"; };
		EFA9D346291016C90040D3B2 /* AIRMapPolygonManager.m */ = {isa = PBXFileReference; fileEncoding = 4; lastKnownFileType = sourcecode.c.objc; path = AIRMapPolygonManager.m; sourceTree = "<group>"; };
		EFA9D347291016C90040D3B2 /* AIRMapPolygon.m */ = {isa = PBXFileReference; fileEncoding = 4; lastKnownFileType = sourcecode.c.objc; path = AIRMapPolygon.m; sourceTree = "<group>"; };
		EFA9D348291016C90040D3B2 /* AIRMap.m */ = {isa = PBXFileReference; fileEncoding = 4; lastKnownFileType = sourcecode.c.objc; path = AIRMap.m; sourceTree = "<group>"; };
		EFA9D349291016C90040D3B2 /* AIRMapCoordinate.h */ = {isa = PBXFileReference; fileEncoding = 4; lastKnownFileType = sourcecode.c.h; path = AIRMapCoordinate.h; sourceTree = "<group>"; };
		EFA9D34A291016C90040D3B2 /* AIRMapCircle.m */ = {isa = PBXFileReference; fileEncoding = 4; lastKnownFileType = sourcecode.c.objc; path = AIRMapCircle.m; sourceTree = "<group>"; };
		EFA9D34B291016C90040D3B2 /* AIRMapOverlayManager.h */ = {isa = PBXFileReference; fileEncoding = 4; lastKnownFileType = sourcecode.c.h; path = AIRMapOverlayManager.h; sourceTree = "<group>"; };
		EFA9D34C291016C90040D3B2 /* AIRMapWMSTile.m */ = {isa = PBXFileReference; fileEncoding = 4; lastKnownFileType = sourcecode.c.objc; path = AIRMapWMSTile.m; sourceTree = "<group>"; };
		EFA9D34D291016C90040D3B2 /* AIRMapPolylineRenderer.h */ = {isa = PBXFileReference; fileEncoding = 4; lastKnownFileType = sourcecode.c.h; path = AIRMapPolylineRenderer.h; sourceTree = "<group>"; };
		EFA9D34E291016C90040D3B2 /* AIRMapUrlTile.h */ = {isa = PBXFileReference; fileEncoding = 4; lastKnownFileType = sourcecode.c.h; path = AIRMapUrlTile.h; sourceTree = "<group>"; };
		EFA9D34F291016C90040D3B2 /* AIRMapCalloutSubviewManager.m */ = {isa = PBXFileReference; fileEncoding = 4; lastKnownFileType = sourcecode.c.objc; path = AIRMapCalloutSubviewManager.m; sourceTree = "<group>"; };
		EFA9D350291016C90040D3B2 /* AIRMapUrlTileManager.m */ = {isa = PBXFileReference; fileEncoding = 4; lastKnownFileType = sourcecode.c.objc; path = AIRMapUrlTileManager.m; sourceTree = "<group>"; };
		EFA9D351291016C90040D3B2 /* AIRMapMarkerManager.h */ = {isa = PBXFileReference; fileEncoding = 4; lastKnownFileType = sourcecode.c.h; path = AIRMapMarkerManager.h; sourceTree = "<group>"; };
		EFA9D352291016C90040D3B2 /* AIRMapWMSTileManager.m */ = {isa = PBXFileReference; fileEncoding = 4; lastKnownFileType = sourcecode.c.objc; path = AIRMapWMSTileManager.m; sourceTree = "<group>"; };
		EFA9D353291016C90040D3B2 /* AIRMapLocalTile.h */ = {isa = PBXFileReference; fileEncoding = 4; lastKnownFileType = sourcecode.c.h; path = AIRMapLocalTile.h; sourceTree = "<group>"; };
		EFA9D354291016C90040D3B2 /* AIRMapPolylineManager.h */ = {isa = PBXFileReference; fileEncoding = 4; lastKnownFileType = sourcecode.c.h; path = AIRMapPolylineManager.h; sourceTree = "<group>"; };
		EFA9D355291016C90040D3B2 /* AIRMapManager.m */ = {isa = PBXFileReference; fileEncoding = 4; lastKnownFileType = sourcecode.c.objc; path = AIRMapManager.m; sourceTree = "<group>"; };
		EFA9D356291016C90040D3B2 /* AIRMapOverlay.m */ = {isa = PBXFileReference; fileEncoding = 4; lastKnownFileType = sourcecode.c.objc; path = AIRMapOverlay.m; sourceTree = "<group>"; };
		EFA9D357291016C90040D3B2 /* AIRMapOverlayRenderer.m */ = {isa = PBXFileReference; fileEncoding = 4; lastKnownFileType = sourcecode.c.objc; path = AIRMapOverlayRenderer.m; sourceTree = "<group>"; };
		EFA9D358291016C90040D3B2 /* AIRMapCalloutSubview.h */ = {isa = PBXFileReference; fileEncoding = 4; lastKnownFileType = sourcecode.c.h; path = AIRMapCalloutSubview.h; sourceTree = "<group>"; };
		EFA9D359291016C90040D3B2 /* RCTConvert+AirMap.m */ = {isa = PBXFileReference; fileEncoding = 4; lastKnownFileType = sourcecode.c.objc; path = "RCTConvert+AirMap.m"; sourceTree = "<group>"; };
		EFA9D35B291016C90040D3B2 /* AIRDummyView.m */ = {isa = PBXFileReference; fileEncoding = 4; lastKnownFileType = sourcecode.c.objc; path = AIRDummyView.m; sourceTree = "<group>"; };
		EFA9D35C291016C90040D3B2 /* AIRGoogleMapWMSTile.h */ = {isa = PBXFileReference; fileEncoding = 4; lastKnownFileType = sourcecode.c.h; path = AIRGoogleMapWMSTile.h; sourceTree = "<group>"; };
		EFA9D35D291016C90040D3B2 /* AIRGoogleMapPolyline.h */ = {isa = PBXFileReference; fileEncoding = 4; lastKnownFileType = sourcecode.c.h; path = AIRGoogleMapPolyline.h; sourceTree = "<group>"; };
		EFA9D35E291016C90040D3B2 /* AIRGoogleMapHeatmapManager.h */ = {isa = PBXFileReference; fileEncoding = 4; lastKnownFileType = sourcecode.c.h; path = AIRGoogleMapHeatmapManager.h; sourceTree = "<group>"; };
		EFA9D35F291016C90040D3B2 /* AIRGoogleMapUrlTile.m */ = {isa = PBXFileReference; fileEncoding = 4; lastKnownFileType = sourcecode.c.objc; path = AIRGoogleMapUrlTile.m; sourceTree = "<group>"; };
		EFA9D360291016C90040D3B2 /* AIRGoogleMapMarkerManager.h */ = {isa = PBXFileReference; fileEncoding = 4; lastKnownFileType = sourcecode.c.h; path = AIRGoogleMapMarkerManager.h; sourceTree = "<group>"; };
		EFA9D361291016C90040D3B2 /* AIRGoogleMapCalloutManager.h */ = {isa = PBXFileReference; fileEncoding = 4; lastKnownFileType = sourcecode.c.h; path = AIRGoogleMapCalloutManager.h; sourceTree = "<group>"; };
		EFA9D362291016C90040D3B2 /* AIRGoogleMapPolygonManager.m */ = {isa = PBXFileReference; fileEncoding = 4; lastKnownFileType = sourcecode.c.objc; path = AIRGoogleMapPolygonManager.m; sourceTree = "<group>"; };
		EFA9D363291016C90040D3B2 /* RCTConvert+GMSMapViewType.h */ = {isa = PBXFileReference; fileEncoding = 4; lastKnownFileType = sourcecode.c.h; path = "RCTConvert+GMSMapViewType.h"; sourceTree = "<group>"; };
		EFA9D364291016C90040D3B2 /* AIRGoogleMapManager.h */ = {isa = PBXFileReference; fileEncoding = 4; lastKnownFileType = sourcecode.c.h; path = AIRGoogleMapManager.h; sourceTree = "<group>"; };
		EFA9D365291016C90040D3B2 /* AIRGoogleMapMarker.m */ = {isa = PBXFileReference; fileEncoding = 4; lastKnownFileType = sourcecode.c.objc; path = AIRGoogleMapMarker.m; sourceTree = "<group>"; };
		EFA9D366291016C90040D3B2 /* AIRGMSPolyline.h */ = {isa = PBXFileReference; fileEncoding = 4; lastKnownFileType = sourcecode.c.h; path = AIRGMSPolyline.h; sourceTree = "<group>"; };
		EFA9D367291016C90040D3B2 /* AIRGoogleMapPolylineManager.h */ = {isa = PBXFileReference; fileEncoding = 4; lastKnownFileType = sourcecode.c.h; path = AIRGoogleMapPolylineManager.h; sourceTree = "<group>"; };
		EFA9D368291016C90040D3B2 /* AIRGoogleMapOverlay.h */ = {isa = PBXFileReference; fileEncoding = 4; lastKnownFileType = sourcecode.c.h; path = AIRGoogleMapOverlay.h; sourceTree = "<group>"; };
		EFA9D369291016C90040D3B2 /* AIRGMSPolygon.m */ = {isa = PBXFileReference; fileEncoding = 4; lastKnownFileType = sourcecode.c.objc; path = AIRGMSPolygon.m; sourceTree = "<group>"; };
		EFA9D36A291016C90040D3B2 /* AIRGoogleMapURLTileManager.m */ = {isa = PBXFileReference; fileEncoding = 4; lastKnownFileType = sourcecode.c.objc; path = AIRGoogleMapURLTileManager.m; sourceTree = "<group>"; };
		EFA9D36B291016C90040D3B2 /* AIRGoogleMapWMSTileManager.m */ = {isa = PBXFileReference; fileEncoding = 4; lastKnownFileType = sourcecode.c.objc; path = AIRGoogleMapWMSTileManager.m; sourceTree = "<group>"; };
		EFA9D36C291016C90040D3B2 /* AIRGoogleMapCircle.m */ = {isa = PBXFileReference; fileEncoding = 4; lastKnownFileType = sourcecode.c.objc; path = AIRGoogleMapCircle.m; sourceTree = "<group>"; };
		EFA9D36D291016C90040D3B2 /* AIRGoogleMap.h */ = {isa = PBXFileReference; fileEncoding = 4; lastKnownFileType = sourcecode.c.h; path = AIRGoogleMap.h; sourceTree = "<group>"; };
		EFA9D36E291016C90040D3B2 /* AIRGoogleMapHeatmap.h */ = {isa = PBXFileReference; fileEncoding = 4; lastKnownFileType = sourcecode.c.h; path = AIRGoogleMapHeatmap.h; sourceTree = "<group>"; };
		EFA9D36F291016C90040D3B2 /* AIRGoogleMapOverlayManager.h */ = {isa = PBXFileReference; fileEncoding = 4; lastKnownFileType = sourcecode.c.h; path = AIRGoogleMapOverlayManager.h; sourceTree = "<group>"; };
		EFA9D370291016C90040D3B2 /* AIRGoogleMapCallout.h */ = {isa = PBXFileReference; fileEncoding = 4; lastKnownFileType = sourcecode.c.h; path = AIRGoogleMapCallout.h; sourceTree = "<group>"; };
		EFA9D371291016C90040D3B2 /* AIRGoogleMapCalloutSubviewManager.h */ = {isa = PBXFileReference; fileEncoding = 4; lastKnownFileType = sourcecode.c.h; path = AIRGoogleMapCalloutSubviewManager.h; sourceTree = "<group>"; };
		EFA9D372291016C90040D3B2 /* AIRGoogleMapCalloutSubview.h */ = {isa = PBXFileReference; fileEncoding = 4; lastKnownFileType = sourcecode.c.h; path = AIRGoogleMapCalloutSubview.h; sourceTree = "<group>"; };
		EFA9D373291016C90040D3B2 /* AIRGMSMarker.h */ = {isa = PBXFileReference; fileEncoding = 4; lastKnownFileType = sourcecode.c.h; path = AIRGMSMarker.h; sourceTree = "<group>"; };
		EFA9D374291016C90040D3B2 /* AIRGoogleMapCircleManager.m */ = {isa = PBXFileReference; fileEncoding = 4; lastKnownFileType = sourcecode.c.objc; path = AIRGoogleMapCircleManager.m; sourceTree = "<group>"; };
		EFA9D375291016C90040D3B2 /* AIRGoogleMapPolygon.h */ = {isa = PBXFileReference; fileEncoding = 4; lastKnownFileType = sourcecode.c.h; path = AIRGoogleMapPolygon.h; sourceTree = "<group>"; };
		EFA9D376291016C90040D3B2 /* AIRGoogleMapCalloutManager.m */ = {isa = PBXFileReference; fileEncoding = 4; lastKnownFileType = sourcecode.c.objc; path = AIRGoogleMapCalloutManager.m; sourceTree = "<group>"; };
		EFA9D377291016C90040D3B2 /* AIRGoogleMapMarkerManager.m */ = {isa = PBXFileReference; fileEncoding = 4; lastKnownFileType = sourcecode.c.objc; path = AIRGoogleMapMarkerManager.m; sourceTree = "<group>"; };
		EFA9D378291016C90040D3B2 /* AIRGoogleMapUrlTile.h */ = {isa = PBXFileReference; fileEncoding = 4; lastKnownFileType = sourcecode.c.h; path = AIRGoogleMapUrlTile.h; sourceTree = "<group>"; };
		EFA9D379291016C90040D3B2 /* AIRGoogleMapPolyline.m */ = {isa = PBXFileReference; fileEncoding = 4; lastKnownFileType = sourcecode.c.objc; path = AIRGoogleMapPolyline.m; sourceTree = "<group>"; };
		EFA9D37A291016C90040D3B2 /* AIRGoogleMapHeatmapManager.m */ = {isa = PBXFileReference; fileEncoding = 4; lastKnownFileType = sourcecode.c.objc; path = AIRGoogleMapHeatmapManager.m; sourceTree = "<group>"; };
		EFA9D37B291016C90040D3B2 /* AIRGoogleMapWMSTile.m */ = {isa = PBXFileReference; fileEncoding = 4; lastKnownFileType = sourcecode.c.objc; path = AIRGoogleMapWMSTile.m; sourceTree = "<group>"; };
		EFA9D37C291016C90040D3B2 /* AIRDummyView.h */ = {isa = PBXFileReference; fileEncoding = 4; lastKnownFileType = sourcecode.c.h; path = AIRDummyView.h; sourceTree = "<group>"; };
		EFA9D37D291016C90040D3B2 /* AIRGMSPolygon.h */ = {isa = PBXFileReference; fileEncoding = 4; lastKnownFileType = sourcecode.c.h; path = AIRGMSPolygon.h; sourceTree = "<group>"; };
		EFA9D37E291016C90040D3B2 /* AIRGoogleMapOverlay.m */ = {isa = PBXFileReference; fileEncoding = 4; lastKnownFileType = sourcecode.c.objc; path = AIRGoogleMapOverlay.m; sourceTree = "<group>"; };
		EFA9D37F291016C90040D3B2 /* AIRGMSPolyline.m */ = {isa = PBXFileReference; fileEncoding = 4; lastKnownFileType = sourcecode.c.objc; path = AIRGMSPolyline.m; sourceTree = "<group>"; };
		EFA9D380291016C90040D3B2 /* AIRGoogleMapPolylineManager.m */ = {isa = PBXFileReference; fileEncoding = 4; lastKnownFileType = sourcecode.c.objc; path = AIRGoogleMapPolylineManager.m; sourceTree = "<group>"; };
		EFA9D381291016C90040D3B2 /* AIRGoogleMapManager.m */ = {isa = PBXFileReference; fileEncoding = 4; lastKnownFileType = sourcecode.c.objc; path = AIRGoogleMapManager.m; sourceTree = "<group>"; };
		EFA9D382291016C90040D3B2 /* AIRGoogleMapMarker.h */ = {isa = PBXFileReference; fileEncoding = 4; lastKnownFileType = sourcecode.c.h; path = AIRGoogleMapMarker.h; sourceTree = "<group>"; };
		EFA9D383291016C90040D3B2 /* AIRGoogleMapPolygonManager.h */ = {isa = PBXFileReference; fileEncoding = 4; lastKnownFileType = sourcecode.c.h; path = AIRGoogleMapPolygonManager.h; sourceTree = "<group>"; };
		EFA9D384291016C90040D3B2 /* RCTConvert+GMSMapViewType.m */ = {isa = PBXFileReference; fileEncoding = 4; lastKnownFileType = sourcecode.c.objc; path = "RCTConvert+GMSMapViewType.m"; sourceTree = "<group>"; };
		EFA9D385291016C90040D3B2 /* AIRGoogleMapCalloutSubviewManager.m */ = {isa = PBXFileReference; fileEncoding = 4; lastKnownFileType = sourcecode.c.objc; path = AIRGoogleMapCalloutSubviewManager.m; sourceTree = "<group>"; };
		EFA9D386291016C90040D3B2 /* AIRGoogleMapCallout.m */ = {isa = PBXFileReference; fileEncoding = 4; lastKnownFileType = sourcecode.c.objc; path = AIRGoogleMapCallout.m; sourceTree = "<group>"; };
		EFA9D387291016C90040D3B2 /* AIRGoogleMapOverlayManager.m */ = {isa = PBXFileReference; fileEncoding = 4; lastKnownFileType = sourcecode.c.objc; path = AIRGoogleMapOverlayManager.m; sourceTree = "<group>"; };
		EFA9D388291016C90040D3B2 /* AIRGoogleMapHeatmap.m */ = {isa = PBXFileReference; fileEncoding = 4; lastKnownFileType = sourcecode.c.objc; path = AIRGoogleMapHeatmap.m; sourceTree = "<group>"; };
		EFA9D389291016C90040D3B2 /* AIRGoogleMap.m */ = {isa = PBXFileReference; fileEncoding = 4; lastKnownFileType = sourcecode.c.objc; path = AIRGoogleMap.m; sourceTree = "<group>"; };
		EFA9D38A291016C90040D3B2 /* AIRGoogleMapCircle.h */ = {isa = PBXFileReference; fileEncoding = 4; lastKnownFileType = sourcecode.c.h; path = AIRGoogleMapCircle.h; sourceTree = "<group>"; };
		EFA9D38B291016C90040D3B2 /* AIRGoogleMapWMSTileManager.h */ = {isa = PBXFileReference; fileEncoding = 4; lastKnownFileType = sourcecode.c.h; path = AIRGoogleMapWMSTileManager.h; sourceTree = "<group>"; };
		EFA9D38C291016C90040D3B2 /* AIRGoogleMapUrlTileManager.h */ = {isa = PBXFileReference; fileEncoding = 4; lastKnownFileType = sourcecode.c.h; path = AIRGoogleMapUrlTileManager.h; sourceTree = "<group>"; };
		EFA9D38D291016C90040D3B2 /* AIRGoogleMapCircleManager.h */ = {isa = PBXFileReference; fileEncoding = 4; lastKnownFileType = sourcecode.c.h; path = AIRGoogleMapCircleManager.h; sourceTree = "<group>"; };
		EFA9D38E291016C90040D3B2 /* AIRGoogleMapPolygon.m */ = {isa = PBXFileReference; fileEncoding = 4; lastKnownFileType = sourcecode.c.objc; path = AIRGoogleMapPolygon.m; sourceTree = "<group>"; };
		EFA9D38F291016C90040D3B2 /* AIRGMSMarker.m */ = {isa = PBXFileReference; fileEncoding = 4; lastKnownFileType = sourcecode.c.objc; path = AIRGMSMarker.m; sourceTree = "<group>"; };
		EFA9D390291016C90040D3B2 /* AIRGoogleMapCalloutSubview.m */ = {isa = PBXFileReference; fileEncoding = 4; lastKnownFileType = sourcecode.c.objc; path = AIRGoogleMapCalloutSubview.m; sourceTree = "<group>"; };
/* End PBXFileReference section */

/* Begin PBXFrameworksBuildPhase section */
		00E356EB1AD99517003FC87E /* Frameworks */ = {
			isa = PBXFrameworksBuildPhase;
			buildActionMask = 2147483647;
			files = (
				7699B88040F8A987B510C191 /* libPods-Schmoffee-SchmoffeeTests.a in Frameworks */,
			);
			runOnlyForDeploymentPostprocessing = 0;
		};
		13B07F8C1A680F5B00A75B9A /* Frameworks */ = {
			isa = PBXFrameworksBuildPhase;
			buildActionMask = 2147483647;
			files = (
				0C80B921A6F3F58F76C31292 /* libPods-Schmoffee.a in Frameworks */,
			);
			runOnlyForDeploymentPostprocessing = 0;
		};
/* End PBXFrameworksBuildPhase section */

/* Begin PBXGroup section */
		00E356EF1AD99517003FC87E /* SchmoffeeTests */ = {
			isa = PBXGroup;
			children = (
				00E356F21AD99517003FC87E /* SchmoffeeTests.m */,
				00E356F01AD99517003FC87E /* Supporting Files */,
			);
			path = SchmoffeeTests;
			sourceTree = "<group>";
		};
		00E356F01AD99517003FC87E /* Supporting Files */ = {
			isa = PBXGroup;
			children = (
				00E356F11AD99517003FC87E /* Info.plist */,
			);
			name = "Supporting Files";
			sourceTree = "<group>";
		};
		13B07FAE1A68108700A75B9A /* Schmoffee */ = {
			isa = PBXGroup;
			children = (
				EF59AB13290BF1EA00C85794 /* Schmoffee.entitlements */,
				13B07FAF1A68108700A75B9A /* AppDelegate.h */,
				13B07FB01A68108700A75B9A /* AppDelegate.mm */,
				13B07FB51A68108700A75B9A /* Images.xcassets */,
				13B07FB61A68108700A75B9A /* Info.plist */,
				81AB9BB72411601600AC10FF /* LaunchScreen.storyboard */,
				13B07FB71A68108700A75B9A /* main.m */,
			);
			name = Schmoffee;
			sourceTree = "<group>";
		};
		2D16E6871FA4F8E400B85C8A /* Frameworks */ = {
			isa = PBXGroup;
			children = (
				ED297162215061F000B7C4FE /* JavaScriptCore.framework */,
				5DCACB8F33CDC322A6C60F78 /* libPods-Schmoffee.a */,
				19F6CBCC0A4E27FBF8BF4A61 /* libPods-Schmoffee-SchmoffeeTests.a */,
			);
			name = Frameworks;
			sourceTree = "<group>";
		};
		832341AE1AAA6A7D00B99B32 /* Libraries */ = {
			isa = PBXGroup;
			children = (
			);
			name = Libraries;
			sourceTree = "<group>";
		};
		83CBB9F61A601CBA00E9B192 = {
			isa = PBXGroup;
			children = (
				EFA9D35A291016C90040D3B2 /* AirGoogleMaps */,
				EFA9D319291016C90040D3B2 /* AirMaps */,
				13B07FAE1A68108700A75B9A /* Schmoffee */,
				832341AE1AAA6A7D00B99B32 /* Libraries */,
				00E356EF1AD99517003FC87E /* SchmoffeeTests */,
				83CBBA001A601CBA00E9B192 /* Products */,
				2D16E6871FA4F8E400B85C8A /* Frameworks */,
				BBD78D7AC51CEA395F1C20DB /* Pods */,
				C7095594F895492B849B6FE2 /* Resources */,
			);
			indentWidth = 2;
			sourceTree = "<group>";
			tabWidth = 2;
			usesTabs = 0;
		};
		83CBBA001A601CBA00E9B192 /* Products */ = {
			isa = PBXGroup;
			children = (
				13B07F961A680F5B00A75B9A /* Schmoffee.app */,
				00E356EE1AD99517003FC87E /* SchmoffeeTests.xctest */,
			);
			name = Products;
			sourceTree = "<group>";
		};
		BBD78D7AC51CEA395F1C20DB /* Pods */ = {
			isa = PBXGroup;
			children = (
				3B4392A12AC88292D35C810B /* Pods-Schmoffee.debug.xcconfig */,
				5709B34CF0A7D63546082F79 /* Pods-Schmoffee.release.xcconfig */,
				5B7EB9410499542E8C5724F5 /* Pods-Schmoffee-SchmoffeeTests.debug.xcconfig */,
				89C6BE57DB24E9ADA2F236DE /* Pods-Schmoffee-SchmoffeeTests.release.xcconfig */,
			);
			path = Pods;
			sourceTree = "<group>";
		};
		C7095594F895492B849B6FE2 /* Resources */ = {
			isa = PBXGroup;
			children = (
				57D61B6DE0D24233AF4453E3 /* ProximaNova-Black.otf */,
				C27BEFD1D1E1464298D05B26 /* ProximaNova-Bold.otf */,
				B89B3D29E6AF41948A6B6032 /* ProximaNova-Extrabld.otf */,
				6E8757BC5F824EA9912CDEF1 /* ProximaNova-Regular.otf */,
				5A1377DBD13E423A92CB9BFD /* ProximaNovaT-Thin.otf */,
			);
			name = Resources;
			sourceTree = "<group>";
		};
		EFA9D319291016C90040D3B2 /* AirMaps */ = {
			isa = PBXGroup;
			children = (
				EFA9D31A291016C90040D3B2 /* AIRMapLocalTileManager.h */,
				EFA9D31B291016C90040D3B2 /* AIRMapCallout.h */,
				EFA9D31C291016C90040D3B2 /* AIRWeakTimerReference.h */,
				EFA9D31D291016C90040D3B2 /* AIRMapLocalTileOverlay.h */,
				EFA9D31E291016C90040D3B2 /* AIRMapCalloutManager.m */,
				EFA9D31F291016C90040D3B2 /* AIRMap.h */,
				EFA9D320291016C90040D3B2 /* AIRMapPolygon.h */,
				EFA9D321291016C90040D3B2 /* AIRMapPolygonManager.h */,
				EFA9D322291016C90040D3B2 /* AIRMapMarker.h */,
				EFA9D323291016C90040D3B2 /* AIRMapCircleManager.h */,
				EFA9D324291016C90040D3B2 /* AIRWeakMapReference.h */,
				EFA9D325291016C90040D3B2 /* AIRMapUrlTileCachedOverlay.m */,
				EFA9D326291016C90040D3B2 /* AIRMapPolyline.h */,
				EFA9D327291016C90040D3B2 /* AIRMapLocalTile.m */,
				EFA9D328291016C90040D3B2 /* AIRMapWMSTileManager.h */,
				EFA9D329291016C90040D3B2 /* AIRMapUrlTileManager.h */,
				EFA9D32A291016C90040D3B2 /* AIRMapMarkerManager.m */,
				EFA9D32B291016C90040D3B2 /* AIRMapCalloutSubviewManager.h */,
				EFA9D32C291016C90040D3B2 /* AIRMapUrlTile.m */,
				EFA9D32D291016C90040D3B2 /* AIRMapPolylineRenderer.m */,
				EFA9D32E291016C90040D3B2 /* AIRMapOverlayManager.m */,
				EFA9D32F291016C90040D3B2 /* AIRMapWMSTile.h */,
				EFA9D330291016C90040D3B2 /* AIRMapCircle.h */,
				EFA9D331291016C90040D3B2 /* AIRMapCoordinate.m */,
				EFA9D332291016C90040D3B2 /* RCTConvert+AirMap.h */,
				EFA9D333291016C90040D3B2 /* AIRMapCalloutSubview.m */,
				EFA9D334291016C90040D3B2 /* AIRMapOverlay.h */,
				EFA9D335291016C90040D3B2 /* AIRMapOverlayRenderer.h */,
				EFA9D336291016C90040D3B2 /* AIRMapManager.h */,
				EFA9D337291016C90040D3B2 /* AIRMapPolylineManager.m */,
				EFA9D338291016C90040D3B2 /* AIRMapCalloutManager.h */,
				EFA9D339291016C90040D3B2 /* Callout */,
				EFA9D33C291016C90040D3B2 /* AIRMapLocalTileOverlay.m */,
				EFA9D33D291016C90040D3B2 /* AIRWeakTimerReference.m */,
				EFA9D33E291016C90040D3B2 /* AIRMapCallout.m */,
				EFA9D33F291016C90040D3B2 /* AIRMapLocalTileManager.m */,
				EFA9D340291016C90040D3B2 /* AIRMapPolyline.m */,
				EFA9D341291016C90040D3B2 /* AIRMapSnapshot.h */,
				EFA9D342291016C90040D3B2 /* AIRWeakMapReference.m */,
				EFA9D343291016C90040D3B2 /* AIRMapUrlTileCachedOverlay.h */,
				EFA9D344291016C90040D3B2 /* AIRMapCircleManager.m */,
				EFA9D345291016C90040D3B2 /* AIRMapMarker.m */,
				EFA9D346291016C90040D3B2 /* AIRMapPolygonManager.m */,
				EFA9D347291016C90040D3B2 /* AIRMapPolygon.m */,
				EFA9D348291016C90040D3B2 /* AIRMap.m */,
				EFA9D349291016C90040D3B2 /* AIRMapCoordinate.h */,
				EFA9D34A291016C90040D3B2 /* AIRMapCircle.m */,
				EFA9D34B291016C90040D3B2 /* AIRMapOverlayManager.h */,
				EFA9D34C291016C90040D3B2 /* AIRMapWMSTile.m */,
				EFA9D34D291016C90040D3B2 /* AIRMapPolylineRenderer.h */,
				EFA9D34E291016C90040D3B2 /* AIRMapUrlTile.h */,
				EFA9D34F291016C90040D3B2 /* AIRMapCalloutSubviewManager.m */,
				EFA9D350291016C90040D3B2 /* AIRMapUrlTileManager.m */,
				EFA9D351291016C90040D3B2 /* AIRMapMarkerManager.h */,
				EFA9D352291016C90040D3B2 /* AIRMapWMSTileManager.m */,
				EFA9D353291016C90040D3B2 /* AIRMapLocalTile.h */,
				EFA9D354291016C90040D3B2 /* AIRMapPolylineManager.h */,
				EFA9D355291016C90040D3B2 /* AIRMapManager.m */,
				EFA9D356291016C90040D3B2 /* AIRMapOverlay.m */,
				EFA9D357291016C90040D3B2 /* AIRMapOverlayRenderer.m */,
				EFA9D358291016C90040D3B2 /* AIRMapCalloutSubview.h */,
				EFA9D359291016C90040D3B2 /* RCTConvert+AirMap.m */,
			);
			name = AirMaps;
			path = "../node_modules/react-native-maps/ios/AirMaps";
			sourceTree = "<group>";
		};
		EFA9D339291016C90040D3B2 /* Callout */ = {
			isa = PBXGroup;
			children = (
				EFA9D33A291016C90040D3B2 /* SMCalloutView.m */,
				EFA9D33B291016C90040D3B2 /* SMCalloutView.h */,
			);
			path = Callout;
			sourceTree = "<group>";
		};
		EFA9D35A291016C90040D3B2 /* AirGoogleMaps */ = {
			isa = PBXGroup;
			children = (
				EFA9D35B291016C90040D3B2 /* AIRDummyView.m */,
				EFA9D35C291016C90040D3B2 /* AIRGoogleMapWMSTile.h */,
				EFA9D35D291016C90040D3B2 /* AIRGoogleMapPolyline.h */,
				EFA9D35E291016C90040D3B2 /* AIRGoogleMapHeatmapManager.h */,
				EFA9D35F291016C90040D3B2 /* AIRGoogleMapUrlTile.m */,
				EFA9D360291016C90040D3B2 /* AIRGoogleMapMarkerManager.h */,
				EFA9D361291016C90040D3B2 /* AIRGoogleMapCalloutManager.h */,
				EFA9D362291016C90040D3B2 /* AIRGoogleMapPolygonManager.m */,
				EFA9D363291016C90040D3B2 /* RCTConvert+GMSMapViewType.h */,
				EFA9D364291016C90040D3B2 /* AIRGoogleMapManager.h */,
				EFA9D365291016C90040D3B2 /* AIRGoogleMapMarker.m */,
				EFA9D366291016C90040D3B2 /* AIRGMSPolyline.h */,
				EFA9D367291016C90040D3B2 /* AIRGoogleMapPolylineManager.h */,
				EFA9D368291016C90040D3B2 /* AIRGoogleMapOverlay.h */,
				EFA9D369291016C90040D3B2 /* AIRGMSPolygon.m */,
				EFA9D36A291016C90040D3B2 /* AIRGoogleMapURLTileManager.m */,
				EFA9D36B291016C90040D3B2 /* AIRGoogleMapWMSTileManager.m */,
				EFA9D36C291016C90040D3B2 /* AIRGoogleMapCircle.m */,
				EFA9D36D291016C90040D3B2 /* AIRGoogleMap.h */,
				EFA9D36E291016C90040D3B2 /* AIRGoogleMapHeatmap.h */,
				EFA9D36F291016C90040D3B2 /* AIRGoogleMapOverlayManager.h */,
				EFA9D370291016C90040D3B2 /* AIRGoogleMapCallout.h */,
				EFA9D371291016C90040D3B2 /* AIRGoogleMapCalloutSubviewManager.h */,
				EFA9D372291016C90040D3B2 /* AIRGoogleMapCalloutSubview.h */,
				EFA9D373291016C90040D3B2 /* AIRGMSMarker.h */,
				EFA9D374291016C90040D3B2 /* AIRGoogleMapCircleManager.m */,
				EFA9D375291016C90040D3B2 /* AIRGoogleMapPolygon.h */,
				EFA9D376291016C90040D3B2 /* AIRGoogleMapCalloutManager.m */,
				EFA9D377291016C90040D3B2 /* AIRGoogleMapMarkerManager.m */,
				EFA9D378291016C90040D3B2 /* AIRGoogleMapUrlTile.h */,
				EFA9D379291016C90040D3B2 /* AIRGoogleMapPolyline.m */,
				EFA9D37A291016C90040D3B2 /* AIRGoogleMapHeatmapManager.m */,
				EFA9D37B291016C90040D3B2 /* AIRGoogleMapWMSTile.m */,
				EFA9D37C291016C90040D3B2 /* AIRDummyView.h */,
				EFA9D37D291016C90040D3B2 /* AIRGMSPolygon.h */,
				EFA9D37E291016C90040D3B2 /* AIRGoogleMapOverlay.m */,
				EFA9D37F291016C90040D3B2 /* AIRGMSPolyline.m */,
				EFA9D380291016C90040D3B2 /* AIRGoogleMapPolylineManager.m */,
				EFA9D381291016C90040D3B2 /* AIRGoogleMapManager.m */,
				EFA9D382291016C90040D3B2 /* AIRGoogleMapMarker.h */,
				EFA9D383291016C90040D3B2 /* AIRGoogleMapPolygonManager.h */,
				EFA9D384291016C90040D3B2 /* RCTConvert+GMSMapViewType.m */,
				EFA9D385291016C90040D3B2 /* AIRGoogleMapCalloutSubviewManager.m */,
				EFA9D386291016C90040D3B2 /* AIRGoogleMapCallout.m */,
				EFA9D387291016C90040D3B2 /* AIRGoogleMapOverlayManager.m */,
				EFA9D388291016C90040D3B2 /* AIRGoogleMapHeatmap.m */,
				EFA9D389291016C90040D3B2 /* AIRGoogleMap.m */,
				EFA9D38A291016C90040D3B2 /* AIRGoogleMapCircle.h */,
				EFA9D38B291016C90040D3B2 /* AIRGoogleMapWMSTileManager.h */,
				EFA9D38C291016C90040D3B2 /* AIRGoogleMapUrlTileManager.h */,
				EFA9D38D291016C90040D3B2 /* AIRGoogleMapCircleManager.h */,
				EFA9D38E291016C90040D3B2 /* AIRGoogleMapPolygon.m */,
				EFA9D38F291016C90040D3B2 /* AIRGMSMarker.m */,
				EFA9D390291016C90040D3B2 /* AIRGoogleMapCalloutSubview.m */,
			);
			name = AirGoogleMaps;
			path = "../node_modules/react-native-maps/ios/AirGoogleMaps";
			sourceTree = "<group>";
		};
/* End PBXGroup section */

/* Begin PBXNativeTarget section */
		00E356ED1AD99517003FC87E /* SchmoffeeTests */ = {
			isa = PBXNativeTarget;
			buildConfigurationList = 00E357021AD99517003FC87E /* Build configuration list for PBXNativeTarget "SchmoffeeTests" */;
			buildPhases = (
				A55EABD7B0C7F3A422A6CC61 /* [CP] Check Pods Manifest.lock */,
				00E356EA1AD99517003FC87E /* Sources */,
				00E356EB1AD99517003FC87E /* Frameworks */,
				00E356EC1AD99517003FC87E /* Resources */,
				C59DA0FBD6956966B86A3779 /* [CP] Embed Pods Frameworks */,
				F6A41C54EA430FDDC6A6ED99 /* [CP] Copy Pods Resources */,
			);
			buildRules = (
			);
			dependencies = (
				00E356F51AD99517003FC87E /* PBXTargetDependency */,
			);
			name = SchmoffeeTests;
			productName = SchmoffeeTests;
			productReference = 00E356EE1AD99517003FC87E /* SchmoffeeTests.xctest */;
			productType = "com.apple.product-type.bundle.unit-test";
		};
		13B07F861A680F5B00A75B9A /* Schmoffee */ = {
			isa = PBXNativeTarget;
			buildConfigurationList = 13B07F931A680F5B00A75B9A /* Build configuration list for PBXNativeTarget "Schmoffee" */;
			buildPhases = (
				C38B50BA6285516D6DCD4F65 /* [CP] Check Pods Manifest.lock */,
				FD10A7F022414F080027D42C /* Start Packager */,
				13B07F871A680F5B00A75B9A /* Sources */,
				13B07F8C1A680F5B00A75B9A /* Frameworks */,
				13B07F8E1A680F5B00A75B9A /* Resources */,
				00DD1BFF1BD5951E006B06BC /* Bundle React Native code and images */,
				00EEFC60759A1932668264C0 /* [CP] Embed Pods Frameworks */,
				E235C05ADACE081382539298 /* [CP] Copy Pods Resources */,
			);
			buildRules = (
			);
			dependencies = (
			);
			name = Schmoffee;
			productName = Schmoffee;
			productReference = 13B07F961A680F5B00A75B9A /* Schmoffee.app */;
			productType = "com.apple.product-type.application";
		};
/* End PBXNativeTarget section */

/* Begin PBXProject section */
		83CBB9F71A601CBA00E9B192 /* Project object */ = {
			isa = PBXProject;
			attributes = {
				LastUpgradeCheck = 1210;
				TargetAttributes = {
					00E356ED1AD99517003FC87E = {
						CreatedOnToolsVersion = 6.2;
						TestTargetID = 13B07F861A680F5B00A75B9A;
					};
					13B07F861A680F5B00A75B9A = {
						LastSwiftMigration = 1120;
					};
				};
			};
			buildConfigurationList = 83CBB9FA1A601CBA00E9B192 /* Build configuration list for PBXProject "Schmoffee" */;
			compatibilityVersion = "Xcode 12.0";
			developmentRegion = en;
			hasScannedForEncodings = 0;
			knownRegions = (
				en,
				Base,
			);
			mainGroup = 83CBB9F61A601CBA00E9B192;
			productRefGroup = 83CBBA001A601CBA00E9B192 /* Products */;
			projectDirPath = "";
			projectRoot = "";
			targets = (
				13B07F861A680F5B00A75B9A /* Schmoffee */,
				00E356ED1AD99517003FC87E /* SchmoffeeTests */,
			);
		};
/* End PBXProject section */

/* Begin PBXResourcesBuildPhase section */
		00E356EC1AD99517003FC87E /* Resources */ = {
			isa = PBXResourcesBuildPhase;
			buildActionMask = 2147483647;
			files = (
			);
			runOnlyForDeploymentPostprocessing = 0;
		};
		13B07F8E1A680F5B00A75B9A /* Resources */ = {
			isa = PBXResourcesBuildPhase;
			buildActionMask = 2147483647;
			files = (
				81AB9BB82411601600AC10FF /* LaunchScreen.storyboard in Resources */,
				13B07FBF1A68108700A75B9A /* Images.xcassets in Resources */,
				41748F9278ED45258337958D /* ProximaNova-Black.otf in Resources */,
				3619A7F6E3C34B4198C80BA1 /* ProximaNova-Bold.otf in Resources */,
				792654CAC9B84F97836D3910 /* ProximaNova-Extrabld.otf in Resources */,
				1C6D7C9889514179AFE27891 /* ProximaNova-Regular.otf in Resources */,
				1A89795135014FB6BCA73045 /* ProximaNovaT-Thin.otf in Resources */,
			);
			runOnlyForDeploymentPostprocessing = 0;
		};
/* End PBXResourcesBuildPhase section */

/* Begin PBXShellScriptBuildPhase section */
		00DD1BFF1BD5951E006B06BC /* Bundle React Native code and images */ = {
			isa = PBXShellScriptBuildPhase;
			buildActionMask = 2147483647;
			files = (
			);
			inputPaths = (
				"$(SRCROOT)/.xcode.env.local",
				"$(SRCROOT)/.xcode.env",
			);
			name = "Bundle React Native code and images";
			outputPaths = (
			);
			runOnlyForDeploymentPostprocessing = 0;
			shellPath = /bin/sh;
			shellScript = "set -e\n\nWITH_ENVIRONMENT=\"../node_modules/react-native/scripts/xcode/with-environment.sh\"\nREACT_NATIVE_XCODE=\"../node_modules/react-native/scripts/react-native-xcode.sh\"\n\n/bin/sh -c \"$WITH_ENVIRONMENT $REACT_NATIVE_XCODE\"\n";
		};
		00EEFC60759A1932668264C0 /* [CP] Embed Pods Frameworks */ = {
			isa = PBXShellScriptBuildPhase;
			buildActionMask = 2147483647;
			files = (
			);
			inputFileListPaths = (
				"${PODS_ROOT}/Target Support Files/Pods-Schmoffee/Pods-Schmoffee-frameworks-${CONFIGURATION}-input-files.xcfilelist",
			);
			name = "[CP] Embed Pods Frameworks";
			outputFileListPaths = (
				"${PODS_ROOT}/Target Support Files/Pods-Schmoffee/Pods-Schmoffee-frameworks-${CONFIGURATION}-output-files.xcfilelist",
			);
			runOnlyForDeploymentPostprocessing = 0;
			shellPath = /bin/sh;
			shellScript = "\"${PODS_ROOT}/Target Support Files/Pods-Schmoffee/Pods-Schmoffee-frameworks.sh\"\n";
			showEnvVarsInLog = 0;
		};
		A55EABD7B0C7F3A422A6CC61 /* [CP] Check Pods Manifest.lock */ = {
			isa = PBXShellScriptBuildPhase;
			buildActionMask = 2147483647;
			files = (
			);
			inputFileListPaths = (
			);
			inputPaths = (
				"${PODS_PODFILE_DIR_PATH}/Podfile.lock",
				"${PODS_ROOT}/Manifest.lock",
			);
			name = "[CP] Check Pods Manifest.lock";
			outputFileListPaths = (
			);
			outputPaths = (
				"$(DERIVED_FILE_DIR)/Pods-Schmoffee-SchmoffeeTests-checkManifestLockResult.txt",
			);
			runOnlyForDeploymentPostprocessing = 0;
			shellPath = /bin/sh;
			shellScript = "diff \"${PODS_PODFILE_DIR_PATH}/Podfile.lock\" \"${PODS_ROOT}/Manifest.lock\" > /dev/null\nif [ $? != 0 ] ; then\n    # print error to STDERR\n    echo \"error: The sandbox is not in sync with the Podfile.lock. Run 'pod install' or update your CocoaPods installation.\" >&2\n    exit 1\nfi\n# This output is used by Xcode 'outputs' to avoid re-running this script phase.\necho \"SUCCESS\" > \"${SCRIPT_OUTPUT_FILE_0}\"\n";
			showEnvVarsInLog = 0;
		};
		C38B50BA6285516D6DCD4F65 /* [CP] Check Pods Manifest.lock */ = {
			isa = PBXShellScriptBuildPhase;
			buildActionMask = 2147483647;
			files = (
			);
			inputFileListPaths = (
			);
			inputPaths = (
				"${PODS_PODFILE_DIR_PATH}/Podfile.lock",
				"${PODS_ROOT}/Manifest.lock",
			);
			name = "[CP] Check Pods Manifest.lock";
			outputFileListPaths = (
			);
			outputPaths = (
				"$(DERIVED_FILE_DIR)/Pods-Schmoffee-checkManifestLockResult.txt",
			);
			runOnlyForDeploymentPostprocessing = 0;
			shellPath = /bin/sh;
			shellScript = "diff \"${PODS_PODFILE_DIR_PATH}/Podfile.lock\" \"${PODS_ROOT}/Manifest.lock\" > /dev/null\nif [ $? != 0 ] ; then\n    # print error to STDERR\n    echo \"error: The sandbox is not in sync with the Podfile.lock. Run 'pod install' or update your CocoaPods installation.\" >&2\n    exit 1\nfi\n# This output is used by Xcode 'outputs' to avoid re-running this script phase.\necho \"SUCCESS\" > \"${SCRIPT_OUTPUT_FILE_0}\"\n";
			showEnvVarsInLog = 0;
		};
		C59DA0FBD6956966B86A3779 /* [CP] Embed Pods Frameworks */ = {
			isa = PBXShellScriptBuildPhase;
			buildActionMask = 2147483647;
			files = (
			);
			inputFileListPaths = (
				"${PODS_ROOT}/Target Support Files/Pods-Schmoffee-SchmoffeeTests/Pods-Schmoffee-SchmoffeeTests-frameworks-${CONFIGURATION}-input-files.xcfilelist",
			);
			name = "[CP] Embed Pods Frameworks";
			outputFileListPaths = (
				"${PODS_ROOT}/Target Support Files/Pods-Schmoffee-SchmoffeeTests/Pods-Schmoffee-SchmoffeeTests-frameworks-${CONFIGURATION}-output-files.xcfilelist",
			);
			runOnlyForDeploymentPostprocessing = 0;
			shellPath = /bin/sh;
			shellScript = "\"${PODS_ROOT}/Target Support Files/Pods-Schmoffee-SchmoffeeTests/Pods-Schmoffee-SchmoffeeTests-frameworks.sh\"\n";
			showEnvVarsInLog = 0;
		};
		E235C05ADACE081382539298 /* [CP] Copy Pods Resources */ = {
			isa = PBXShellScriptBuildPhase;
			buildActionMask = 2147483647;
			files = (
			);
			inputFileListPaths = (
				"${PODS_ROOT}/Target Support Files/Pods-Schmoffee/Pods-Schmoffee-resources-${CONFIGURATION}-input-files.xcfilelist",
			);
			name = "[CP] Copy Pods Resources";
			outputFileListPaths = (
				"${PODS_ROOT}/Target Support Files/Pods-Schmoffee/Pods-Schmoffee-resources-${CONFIGURATION}-output-files.xcfilelist",
			);
			runOnlyForDeploymentPostprocessing = 0;
			shellPath = /bin/sh;
			shellScript = "\"${PODS_ROOT}/Target Support Files/Pods-Schmoffee/Pods-Schmoffee-resources.sh\"\n";
			showEnvVarsInLog = 0;
		};
		F6A41C54EA430FDDC6A6ED99 /* [CP] Copy Pods Resources */ = {
			isa = PBXShellScriptBuildPhase;
			buildActionMask = 2147483647;
			files = (
			);
			inputFileListPaths = (
				"${PODS_ROOT}/Target Support Files/Pods-Schmoffee-SchmoffeeTests/Pods-Schmoffee-SchmoffeeTests-resources-${CONFIGURATION}-input-files.xcfilelist",
			);
			name = "[CP] Copy Pods Resources";
			outputFileListPaths = (
				"${PODS_ROOT}/Target Support Files/Pods-Schmoffee-SchmoffeeTests/Pods-Schmoffee-SchmoffeeTests-resources-${CONFIGURATION}-output-files.xcfilelist",
			);
			runOnlyForDeploymentPostprocessing = 0;
			shellPath = /bin/sh;
			shellScript = "\"${PODS_ROOT}/Target Support Files/Pods-Schmoffee-SchmoffeeTests/Pods-Schmoffee-SchmoffeeTests-resources.sh\"\n";
			showEnvVarsInLog = 0;
		};
		FD10A7F022414F080027D42C /* Start Packager */ = {
			isa = PBXShellScriptBuildPhase;
			buildActionMask = 2147483647;
			files = (
			);
			inputFileListPaths = (
			);
			inputPaths = (
			);
			name = "Start Packager";
			outputFileListPaths = (
			);
			outputPaths = (
			);
			runOnlyForDeploymentPostprocessing = 0;
			shellPath = /bin/sh;
			shellScript = "export RCT_METRO_PORT=\"${RCT_METRO_PORT:=8081}\"\necho \"export RCT_METRO_PORT=${RCT_METRO_PORT}\" > \"${SRCROOT}/../node_modules/react-native/scripts/.packager.env\"\nif [ -z \"${RCT_NO_LAUNCH_PACKAGER+xxx}\" ] ; then\n  if nc -w 5 -z localhost ${RCT_METRO_PORT} ; then\n    if ! curl -s \"http://localhost:${RCT_METRO_PORT}/status\" | grep -q \"packager-status:running\" ; then\n      echo \"Port ${RCT_METRO_PORT} already in use, packager is either not running or not running correctly\"\n      exit 2\n    fi\n  else\n    open \"$SRCROOT/../node_modules/react-native/scripts/launchPackager.command\" || echo \"Can't start packager automatically\"\n  fi\nfi\n";
			showEnvVarsInLog = 0;
		};
/* End PBXShellScriptBuildPhase section */

/* Begin PBXSourcesBuildPhase section */
		00E356EA1AD99517003FC87E /* Sources */ = {
			isa = PBXSourcesBuildPhase;
			buildActionMask = 2147483647;
			files = (
				EFA9D3F2291016C90040D3B2 /* AIRGoogleMapManager.m in Sources */,
				EFA9D3E0291016C90040D3B2 /* AIRGoogleMapCircleManager.m in Sources */,
				EFA9D39E291016C90040D3B2 /* AIRMapOverlayManager.m in Sources */,
				EFA9D3D8291016C90040D3B2 /* AIRGMSPolygon.m in Sources */,
				EFA9D402291016C90040D3B2 /* AIRGMSMarker.m in Sources */,
				EFA9D3E2291016C90040D3B2 /* AIRGoogleMapCalloutManager.m in Sources */,
				EFA9D3AE291016C90040D3B2 /* AIRMapLocalTileManager.m in Sources */,
				EFA9D3BA291016C90040D3B2 /* AIRMapPolygon.m in Sources */,
				EFA9D400291016C90040D3B2 /* AIRGoogleMapPolygon.m in Sources */,
				EFA9D3A6291016C90040D3B2 /* SMCalloutView.m in Sources */,
				EFA9D39C291016C90040D3B2 /* AIRMapPolylineRenderer.m in Sources */,
				EFA9D3DC291016C90040D3B2 /* AIRGoogleMapWMSTileManager.m in Sources */,
				EFA9D3B0291016C90040D3B2 /* AIRMapPolyline.m in Sources */,
				EFA9D3D4291016C90040D3B2 /* AIRGoogleMapPolygonManager.m in Sources */,
				EFA9D3F0291016C90040D3B2 /* AIRGoogleMapPolylineManager.m in Sources */,
				EFA9D3F6291016C90040D3B2 /* AIRGoogleMapCalloutSubviewManager.m in Sources */,
				EFA9D3A2291016C90040D3B2 /* AIRMapCalloutSubview.m in Sources */,
				EFA9D3E6291016C90040D3B2 /* AIRGoogleMapPolyline.m in Sources */,
				EFA9D3D6291016C90040D3B2 /* AIRGoogleMapMarker.m in Sources */,
				EFA9D3BC291016C90040D3B2 /* AIRMap.m in Sources */,
				EFA9D3C8291016C90040D3B2 /* AIRMapManager.m in Sources */,
				EFA9D3AA291016C90040D3B2 /* AIRWeakTimerReference.m in Sources */,
				EFA9D3B8291016C90040D3B2 /* AIRMapPolygonManager.m in Sources */,
				EFA9D404291016C90040D3B2 /* AIRGoogleMapCalloutSubview.m in Sources */,
				EFA9D3B2291016C90040D3B2 /* AIRWeakMapReference.m in Sources */,
				EFA9D3DE291016C90040D3B2 /* AIRGoogleMapCircle.m in Sources */,
				EFA9D3AC291016C90040D3B2 /* AIRMapCallout.m in Sources */,
				EFA9D3A4291016C90040D3B2 /* AIRMapPolylineManager.m in Sources */,
				EFA9D3BE291016C90040D3B2 /* AIRMapCircle.m in Sources */,
				EFA9D3FC291016C90040D3B2 /* AIRGoogleMapHeatmap.m in Sources */,
				EFA9D3D0291016C90040D3B2 /* AIRDummyView.m in Sources */,
				EFA9D3D2291016C90040D3B2 /* AIRGoogleMapUrlTile.m in Sources */,
				EFA9D392291016C90040D3B2 /* AIRMapCalloutManager.m in Sources */,
				EFA9D3F4291016C90040D3B2 /* RCTConvert+GMSMapViewType.m in Sources */,
				EFA9D3EE291016C90040D3B2 /* AIRGMSPolyline.m in Sources */,
				EFA9D3FE291016C90040D3B2 /* AIRGoogleMap.m in Sources */,
				EFA9D3B4291016C90040D3B2 /* AIRMapCircleManager.m in Sources */,
				EFA9D3EC291016C90040D3B2 /* AIRGoogleMapOverlay.m in Sources */,
				EFA9D3FA291016C90040D3B2 /* AIRGoogleMapOverlayManager.m in Sources */,
				EFA9D3C4291016C90040D3B2 /* AIRMapUrlTileManager.m in Sources */,
				EFA9D3A0291016C90040D3B2 /* AIRMapCoordinate.m in Sources */,
				EFA9D3B6291016C90040D3B2 /* AIRMapMarker.m in Sources */,
				EFA9D3C2291016C90040D3B2 /* AIRMapCalloutSubviewManager.m in Sources */,
				EFA9D3C0291016C90040D3B2 /* AIRMapWMSTile.m in Sources */,
				EFA9D394291016C90040D3B2 /* AIRMapUrlTileCachedOverlay.m in Sources */,
				00E356F31AD99517003FC87E /* SchmoffeeTests.m in Sources */,
				EFA9D3EA291016C90040D3B2 /* AIRGoogleMapWMSTile.m in Sources */,
				EFA9D3C6291016C90040D3B2 /* AIRMapWMSTileManager.m in Sources */,
				EFA9D396291016C90040D3B2 /* AIRMapLocalTile.m in Sources */,
				EFA9D398291016C90040D3B2 /* AIRMapMarkerManager.m in Sources */,
				EFA9D3A8291016C90040D3B2 /* AIRMapLocalTileOverlay.m in Sources */,
				EFA9D3CC291016C90040D3B2 /* AIRMapOverlayRenderer.m in Sources */,
				EFA9D3CE291016C90040D3B2 /* RCTConvert+AirMap.m in Sources */,
				EFA9D3E4291016C90040D3B2 /* AIRGoogleMapMarkerManager.m in Sources */,
				EFA9D3F8291016C90040D3B2 /* AIRGoogleMapCallout.m in Sources */,
				EFA9D3CA291016C90040D3B2 /* AIRMapOverlay.m in Sources */,
				EFA9D3DA291016C90040D3B2 /* AIRGoogleMapURLTileManager.m in Sources */,
				EFA9D39A291016C90040D3B2 /* AIRMapUrlTile.m in Sources */,
				EFA9D3E8291016C90040D3B2 /* AIRGoogleMapHeatmapManager.m in Sources */,
			);
			runOnlyForDeploymentPostprocessing = 0;
		};
		13B07F871A680F5B00A75B9A /* Sources */ = {
			isa = PBXSourcesBuildPhase;
			buildActionMask = 2147483647;
			files = (
				EFA9D401291016C90040D3B2 /* AIRGMSMarker.m in Sources */,
				EFA9D39B291016C90040D3B2 /* AIRMapPolylineRenderer.m in Sources */,
				EFA9D3ED291016C90040D3B2 /* AIRGMSPolyline.m in Sources */,
				EFA9D3D1291016C90040D3B2 /* AIRGoogleMapUrlTile.m in Sources */,
				EFA9D3FD291016C90040D3B2 /* AIRGoogleMap.m in Sources */,
				EFA9D3BF291016C90040D3B2 /* AIRMapWMSTile.m in Sources */,
				EFA9D3A1291016C90040D3B2 /* AIRMapCalloutSubview.m in Sources */,
				EFA9D3E1291016C90040D3B2 /* AIRGoogleMapCalloutManager.m in Sources */,
				EFA9D3B1291016C90040D3B2 /* AIRWeakMapReference.m in Sources */,
				EFA9D3CF291016C90040D3B2 /* AIRDummyView.m in Sources */,
				EFA9D3CD291016C90040D3B2 /* RCTConvert+AirMap.m in Sources */,
				EFA9D3B3291016C90040D3B2 /* AIRMapCircleManager.m in Sources */,
				EFA9D3EB291016C90040D3B2 /* AIRGoogleMapOverlay.m in Sources */,
				EFA9D3CB291016C90040D3B2 /* AIRMapOverlayRenderer.m in Sources */,
				EFA9D3E3291016C90040D3B2 /* AIRGoogleMapMarkerManager.m in Sources */,
				EFA9D3C1291016C90040D3B2 /* AIRMapCalloutSubviewManager.m in Sources */,
				EFA9D3F1291016C90040D3B2 /* AIRGoogleMapManager.m in Sources */,
				EFA9D3F9291016C90040D3B2 /* AIRGoogleMapOverlayManager.m in Sources */,
				EFA9D3DF291016C90040D3B2 /* AIRGoogleMapCircleManager.m in Sources */,
				EFA9D3D5291016C90040D3B2 /* AIRGoogleMapMarker.m in Sources */,
				EFA9D3C9291016C90040D3B2 /* AIRMapOverlay.m in Sources */,
				EFA9D39D291016C90040D3B2 /* AIRMapOverlayManager.m in Sources */,
				EFA9D3BB291016C90040D3B2 /* AIRMap.m in Sources */,
				EFA9D3A9291016C90040D3B2 /* AIRWeakTimerReference.m in Sources */,
				EFA9D3E9291016C90040D3B2 /* AIRGoogleMapWMSTile.m in Sources */,
				EFA9D3E5291016C90040D3B2 /* AIRGoogleMapPolyline.m in Sources */,
				EFA9D3A3291016C90040D3B2 /* AIRMapPolylineManager.m in Sources */,
				EFA9D3BD291016C90040D3B2 /* AIRMapCircle.m in Sources */,
				EFA9D3FF291016C90040D3B2 /* AIRGoogleMapPolygon.m in Sources */,
				EFA9D3E7291016C90040D3B2 /* AIRGoogleMapHeatmapManager.m in Sources */,
				EFA9D3C7291016C90040D3B2 /* AIRMapManager.m in Sources */,
				EFA9D3AF291016C90040D3B2 /* AIRMapPolyline.m in Sources */,
				EFA9D3A7291016C90040D3B2 /* AIRMapLocalTileOverlay.m in Sources */,
				EFA9D3F3291016C90040D3B2 /* RCTConvert+GMSMapViewType.m in Sources */,
				EFA9D3B9291016C90040D3B2 /* AIRMapPolygon.m in Sources */,
				EFA9D393291016C90040D3B2 /* AIRMapUrlTileCachedOverlay.m in Sources */,
				EFA9D3D3291016C90040D3B2 /* AIRGoogleMapPolygonManager.m in Sources */,
				EFA9D3A5291016C90040D3B2 /* SMCalloutView.m in Sources */,
				EFA9D3AB291016C90040D3B2 /* AIRMapCallout.m in Sources */,
				EFA9D3B7291016C90040D3B2 /* AIRMapPolygonManager.m in Sources */,
				EFA9D3F5291016C90040D3B2 /* AIRGoogleMapCalloutSubviewManager.m in Sources */,
				EFA9D3EF291016C90040D3B2 /* AIRGoogleMapPolylineManager.m in Sources */,
				EFA9D3FB291016C90040D3B2 /* AIRGoogleMapHeatmap.m in Sources */,
				EFA9D399291016C90040D3B2 /* AIRMapUrlTile.m in Sources */,
				EFA9D3C3291016C90040D3B2 /* AIRMapUrlTileManager.m in Sources */,
				EFA9D3D9291016C90040D3B2 /* AIRGoogleMapURLTileManager.m in Sources */,
				EFA9D395291016C90040D3B2 /* AIRMapLocalTile.m in Sources */,
				EFA9D403291016C90040D3B2 /* AIRGoogleMapCalloutSubview.m in Sources */,
				EFA9D3B5291016C90040D3B2 /* AIRMapMarker.m in Sources */,
				EFA9D39F291016C90040D3B2 /* AIRMapCoordinate.m in Sources */,
				13B07FBC1A68108700A75B9A /* AppDelegate.mm in Sources */,
				EFA9D3F7291016C90040D3B2 /* AIRGoogleMapCallout.m in Sources */,
				EFA9D3C5291016C90040D3B2 /* AIRMapWMSTileManager.m in Sources */,
				EFA9D3D7291016C90040D3B2 /* AIRGMSPolygon.m in Sources */,
				EFA9D397291016C90040D3B2 /* AIRMapMarkerManager.m in Sources */,
				EFA9D3DD291016C90040D3B2 /* AIRGoogleMapCircle.m in Sources */,
				13B07FC11A68108700A75B9A /* main.m in Sources */,
				EFA9D391291016C90040D3B2 /* AIRMapCalloutManager.m in Sources */,
				EFA9D3DB291016C90040D3B2 /* AIRGoogleMapWMSTileManager.m in Sources */,
				EFA9D3AD291016C90040D3B2 /* AIRMapLocalTileManager.m in Sources */,
			);
			runOnlyForDeploymentPostprocessing = 0;
		};
/* End PBXSourcesBuildPhase section */

/* Begin PBXTargetDependency section */
		00E356F51AD99517003FC87E /* PBXTargetDependency */ = {
			isa = PBXTargetDependency;
			target = 13B07F861A680F5B00A75B9A /* Schmoffee */;
			targetProxy = 00E356F41AD99517003FC87E /* PBXContainerItemProxy */;
		};
/* End PBXTargetDependency section */

/* Begin XCBuildConfiguration section */
		00E356F61AD99517003FC87E /* Debug */ = {
			isa = XCBuildConfiguration;
			baseConfigurationReference = 5B7EB9410499542E8C5724F5 /* Pods-Schmoffee-SchmoffeeTests.debug.xcconfig */;
			buildSettings = {
				BUNDLE_LOADER = "$(TEST_HOST)";
				"CODE_SIGN_IDENTITY[sdk=macosx*]" = "Apple Development";
				DEVELOPMENT_TEAM = 7788C6FG3V;
				GCC_PREPROCESSOR_DEFINITIONS = (
					"DEBUG=1",
					"$(inherited)",
				);
				INFOPLIST_FILE = SchmoffeeTests/Info.plist;
				IPHONEOS_DEPLOYMENT_TARGET = 12.4;
				LD_RUNPATH_SEARCH_PATHS = (
					"$(inherited)",
					"@executable_path/Frameworks",
					"@loader_path/Frameworks",
				);
				OTHER_LDFLAGS = (
					"-ObjC",
					"-lc++",
					"$(inherited)",
				);
				PRODUCT_BUNDLE_IDENTIFIER = "org.reactjs.native.example.$(PRODUCT_NAME:rfc1034identifier)";
				PRODUCT_NAME = "$(TARGET_NAME)";
				TEST_HOST = "$(BUILT_PRODUCTS_DIR)/Schmoffee.app/Schmoffee";
			};
			name = Debug;
		};
		00E356F71AD99517003FC87E /* Release */ = {
			isa = XCBuildConfiguration;
			baseConfigurationReference = 89C6BE57DB24E9ADA2F236DE /* Pods-Schmoffee-SchmoffeeTests.release.xcconfig */;
			buildSettings = {
				BUNDLE_LOADER = "$(TEST_HOST)";
				"CODE_SIGN_IDENTITY[sdk=macosx*]" = "Apple Development";
				COPY_PHASE_STRIP = NO;
				DEVELOPMENT_TEAM = 7788C6FG3V;
				INFOPLIST_FILE = SchmoffeeTests/Info.plist;
				IPHONEOS_DEPLOYMENT_TARGET = 12.4;
				LD_RUNPATH_SEARCH_PATHS = (
					"$(inherited)",
					"@executable_path/Frameworks",
					"@loader_path/Frameworks",
				);
				OTHER_LDFLAGS = (
					"-ObjC",
					"-lc++",
					"$(inherited)",
				);
				PRODUCT_BUNDLE_IDENTIFIER = "org.reactjs.native.example.$(PRODUCT_NAME:rfc1034identifier)";
				PRODUCT_NAME = "$(TARGET_NAME)";
				TEST_HOST = "$(BUILT_PRODUCTS_DIR)/Schmoffee.app/Schmoffee";
			};
			name = Release;
		};
		13B07F941A680F5B00A75B9A /* Debug */ = {
			isa = XCBuildConfiguration;
			baseConfigurationReference = 3B4392A12AC88292D35C810B /* Pods-Schmoffee.debug.xcconfig */;
			buildSettings = {
				ASSETCATALOG_COMPILER_APPICON_NAME = AppIcon;
				CLANG_ENABLE_MODULES = YES;
				CODE_SIGN_ENTITLEMENTS = Schmoffee/Schmoffee.entitlements;
				CURRENT_PROJECT_VERSION = 1;
				DEVELOPMENT_TEAM = 7788C6FG3V;
				ENABLE_BITCODE = NO;
				INFOPLIST_FILE = Schmoffee/Info.plist;
				LD_RUNPATH_SEARCH_PATHS = (
					"$(inherited)",
					"@executable_path/Frameworks",
				);
				OTHER_LDFLAGS = (
					"$(inherited)",
					"-ObjC",
					"-lc++",
				);
				PRODUCT_BUNDLE_IDENTIFIER = org.reactjs.native.example.Schmoffee;
				PRODUCT_NAME = Schmoffee;
				SWIFT_OPTIMIZATION_LEVEL = "-Onone";
				SWIFT_VERSION = 5.0;
				VERSIONING_SYSTEM = "apple-generic";
			};
			name = Debug;
		};
		13B07F951A680F5B00A75B9A /* Release */ = {
			isa = XCBuildConfiguration;
			baseConfigurationReference = 5709B34CF0A7D63546082F79 /* Pods-Schmoffee.release.xcconfig */;
			buildSettings = {
				ASSETCATALOG_COMPILER_APPICON_NAME = AppIcon;
				CLANG_ENABLE_MODULES = YES;
				CODE_SIGN_ENTITLEMENTS = Schmoffee/Schmoffee.entitlements;
				CURRENT_PROJECT_VERSION = 1;
				DEVELOPMENT_TEAM = 7788C6FG3V;
				INFOPLIST_FILE = Schmoffee/Info.plist;
				LD_RUNPATH_SEARCH_PATHS = (
					"$(inherited)",
					"@executable_path/Frameworks",
				);
				OTHER_LDFLAGS = (
					"$(inherited)",
					"-ObjC",
					"-lc++",
				);
				PRODUCT_BUNDLE_IDENTIFIER = org.reactjs.native.example.Schmoffee;
				PRODUCT_NAME = Schmoffee;
				SWIFT_VERSION = 5.0;
				VERSIONING_SYSTEM = "apple-generic";
			};
			name = Release;
		};
		83CBBA201A601CBA00E9B192 /* Debug */ = {
			isa = XCBuildConfiguration;
			buildSettings = {
				ALWAYS_SEARCH_USER_PATHS = NO;
				CLANG_ANALYZER_LOCALIZABILITY_NONLOCALIZED = YES;
				CLANG_CXX_LANGUAGE_STANDARD = "c++17";
				CLANG_CXX_LIBRARY = "libc++";
				CLANG_ENABLE_MODULES = YES;
				CLANG_ENABLE_OBJC_ARC = YES;
				CLANG_WARN_BLOCK_CAPTURE_AUTORELEASING = YES;
				CLANG_WARN_BOOL_CONVERSION = YES;
				CLANG_WARN_COMMA = YES;
				CLANG_WARN_CONSTANT_CONVERSION = YES;
				CLANG_WARN_DEPRECATED_OBJC_IMPLEMENTATIONS = YES;
				CLANG_WARN_DIRECT_OBJC_ISA_USAGE = YES_ERROR;
				CLANG_WARN_EMPTY_BODY = YES;
				CLANG_WARN_ENUM_CONVERSION = YES;
				CLANG_WARN_INFINITE_RECURSION = YES;
				CLANG_WARN_INT_CONVERSION = YES;
				CLANG_WARN_NON_LITERAL_NULL_CONVERSION = YES;
				CLANG_WARN_OBJC_IMPLICIT_RETAIN_SELF = YES;
				CLANG_WARN_OBJC_LITERAL_CONVERSION = YES;
				CLANG_WARN_OBJC_ROOT_CLASS = YES_ERROR;
				CLANG_WARN_QUOTED_INCLUDE_IN_FRAMEWORK_HEADER = YES;
				CLANG_WARN_RANGE_LOOP_ANALYSIS = YES;
				CLANG_WARN_STRICT_PROTOTYPES = YES;
				CLANG_WARN_SUSPICIOUS_MOVE = YES;
				CLANG_WARN_UNREACHABLE_CODE = YES;
				CLANG_WARN__DUPLICATE_METHOD_MATCH = YES;
				"CODE_SIGN_IDENTITY[sdk=iphoneos*]" = "iPhone Developer";
				COPY_PHASE_STRIP = NO;
				ENABLE_STRICT_OBJC_MSGSEND = YES;
				ENABLE_TESTABILITY = YES;
				"EXCLUDED_ARCHS[sdk=iphonesimulator*]" = "";
				GCC_C_LANGUAGE_STANDARD = gnu99;
				GCC_DYNAMIC_NO_PIC = NO;
				GCC_NO_COMMON_BLOCKS = YES;
				GCC_OPTIMIZATION_LEVEL = 0;
				GCC_PREPROCESSOR_DEFINITIONS = (
					"DEBUG=1",
					"$(inherited)",
				);
				GCC_SYMBOLS_PRIVATE_EXTERN = NO;
				GCC_WARN_64_TO_32_BIT_CONVERSION = YES;
				GCC_WARN_ABOUT_RETURN_TYPE = YES_ERROR;
				GCC_WARN_UNDECLARED_SELECTOR = YES;
				GCC_WARN_UNINITIALIZED_AUTOS = YES_AGGRESSIVE;
				GCC_WARN_UNUSED_FUNCTION = YES;
				GCC_WARN_UNUSED_VARIABLE = YES;
				IPHONEOS_DEPLOYMENT_TARGET = 12.4;
				LD_RUNPATH_SEARCH_PATHS = (
					/usr/lib/swift,
					"$(inherited)",
				);
				LIBRARY_SEARCH_PATHS = (
					"\"$(SDKROOT)/usr/lib/swift\"",
					"\"$(TOOLCHAIN_DIR)/usr/lib/swift/$(PLATFORM_NAME)\"",
					"\"$(inherited)\"",
				);
				MTL_ENABLE_DEBUG_INFO = YES;
				ONLY_ACTIVE_ARCH = YES;
				OTHER_CPLUSPLUSFLAGS = (
					"$(OTHER_CFLAGS)",
					"-DFOLLY_NO_CONFIG",
					"-DFOLLY_MOBILE=1",
					"-DFOLLY_USE_LIBCPP=1",
				);
				REACT_NATIVE_PATH = "${PODS_ROOT}/../../node_modules/react-native";
				SDKROOT = iphoneos;
			};
			name = Debug;
		};
		83CBBA211A601CBA00E9B192 /* Release */ = {
			isa = XCBuildConfiguration;
			buildSettings = {
				ALWAYS_SEARCH_USER_PATHS = NO;
				CLANG_ANALYZER_LOCALIZABILITY_NONLOCALIZED = YES;
				CLANG_CXX_LANGUAGE_STANDARD = "c++17";
				CLANG_CXX_LIBRARY = "libc++";
				CLANG_ENABLE_MODULES = YES;
				CLANG_ENABLE_OBJC_ARC = YES;
				CLANG_WARN_BLOCK_CAPTURE_AUTORELEASING = YES;
				CLANG_WARN_BOOL_CONVERSION = YES;
				CLANG_WARN_COMMA = YES;
				CLANG_WARN_CONSTANT_CONVERSION = YES;
				CLANG_WARN_DEPRECATED_OBJC_IMPLEMENTATIONS = YES;
				CLANG_WARN_DIRECT_OBJC_ISA_USAGE = YES_ERROR;
				CLANG_WARN_EMPTY_BODY = YES;
				CLANG_WARN_ENUM_CONVERSION = YES;
				CLANG_WARN_INFINITE_RECURSION = YES;
				CLANG_WARN_INT_CONVERSION = YES;
				CLANG_WARN_NON_LITERAL_NULL_CONVERSION = YES;
				CLANG_WARN_OBJC_IMPLICIT_RETAIN_SELF = YES;
				CLANG_WARN_OBJC_LITERAL_CONVERSION = YES;
				CLANG_WARN_OBJC_ROOT_CLASS = YES_ERROR;
				CLANG_WARN_QUOTED_INCLUDE_IN_FRAMEWORK_HEADER = YES;
				CLANG_WARN_RANGE_LOOP_ANALYSIS = YES;
				CLANG_WARN_STRICT_PROTOTYPES = YES;
				CLANG_WARN_SUSPICIOUS_MOVE = YES;
				CLANG_WARN_UNREACHABLE_CODE = YES;
				CLANG_WARN__DUPLICATE_METHOD_MATCH = YES;
				"CODE_SIGN_IDENTITY[sdk=iphoneos*]" = "iPhone Developer";
				COPY_PHASE_STRIP = YES;
				ENABLE_NS_ASSERTIONS = NO;
				ENABLE_STRICT_OBJC_MSGSEND = YES;
				"EXCLUDED_ARCHS[sdk=iphonesimulator*]" = "";
				GCC_C_LANGUAGE_STANDARD = gnu99;
				GCC_NO_COMMON_BLOCKS = YES;
				GCC_WARN_64_TO_32_BIT_CONVERSION = YES;
				GCC_WARN_ABOUT_RETURN_TYPE = YES_ERROR;
				GCC_WARN_UNDECLARED_SELECTOR = YES;
				GCC_WARN_UNINITIALIZED_AUTOS = YES_AGGRESSIVE;
				GCC_WARN_UNUSED_FUNCTION = YES;
				GCC_WARN_UNUSED_VARIABLE = YES;
				IPHONEOS_DEPLOYMENT_TARGET = 12.4;
				LD_RUNPATH_SEARCH_PATHS = (
					/usr/lib/swift,
					"$(inherited)",
				);
				LIBRARY_SEARCH_PATHS = (
					"\"$(SDKROOT)/usr/lib/swift\"",
					"\"$(TOOLCHAIN_DIR)/usr/lib/swift/$(PLATFORM_NAME)\"",
					"\"$(inherited)\"",
				);
				MTL_ENABLE_DEBUG_INFO = NO;
				OTHER_CPLUSPLUSFLAGS = (
					"$(OTHER_CFLAGS)",
					"-DFOLLY_NO_CONFIG",
					"-DFOLLY_MOBILE=1",
					"-DFOLLY_USE_LIBCPP=1",
				);
				REACT_NATIVE_PATH = "${PODS_ROOT}/../../node_modules/react-native";
				SDKROOT = iphoneos;
				VALIDATE_PRODUCT = YES;
			};
			name = Release;
		};
/* End XCBuildConfiguration section */

/* Begin XCConfigurationList section */
		00E357021AD99517003FC87E /* Build configuration list for PBXNativeTarget "SchmoffeeTests" */ = {
			isa = XCConfigurationList;
			buildConfigurations = (
				00E356F61AD99517003FC87E /* Debug */,
				00E356F71AD99517003FC87E /* Release */,
			);
			defaultConfigurationIsVisible = 0;
			defaultConfigurationName = Release;
		};
		13B07F931A680F5B00A75B9A /* Build configuration list for PBXNativeTarget "Schmoffee" */ = {
			isa = XCConfigurationList;
			buildConfigurations = (
				13B07F941A680F5B00A75B9A /* Debug */,
				13B07F951A680F5B00A75B9A /* Release */,
			);
			defaultConfigurationIsVisible = 0;
			defaultConfigurationName = Release;
		};
		83CBB9FA1A601CBA00E9B192 /* Build configuration list for PBXProject "Schmoffee" */ = {
			isa = XCConfigurationList;
			buildConfigurations = (
				83CBBA201A601CBA00E9B192 /* Debug */,
				83CBBA211A601CBA00E9B192 /* Release */,
			);
			defaultConfigurationIsVisible = 0;
			defaultConfigurationName = Release;
		};
/* End XCConfigurationList section */
	};
	rootObject = 83CBB9F71A601CBA00E9B192 /* Project object */;
}
